// !$*UTF8*$!
{
	archiveVersion = 1;
	classes = {
	};
	objectVersion = 50;
	objects = {

/* Begin PBXBuildFile section */
		0B0589422431DE2F00D36A42 /* FinchExtensions.framework in Frameworks */ = {isa = PBXBuildFile; fileRef = 0B0589382431DE2F00D36A42 /* FinchExtensions.framework */; };
		0B0589472431DE2F00D36A42 /* FinchExtensionsTests.swift in Sources */ = {isa = PBXBuildFile; fileRef = 0B0589462431DE2F00D36A42 /* FinchExtensionsTests.swift */; };
		0BF8C63924320DA30031F26A /* Collection+SafeSubscript.swift in Sources */ = {isa = PBXBuildFile; fileRef = 0BF8C63824320DA30031F26A /* Collection+SafeSubscript.swift */; };
		0BF8C63D243213E40031F26A /* UIApplication+AppVersion.swift in Sources */ = {isa = PBXBuildFile; fileRef = 0BF8C63C243213E40031F26A /* UIApplication+AppVersion.swift */; };
		0BF8C64124321AAC0031F26A /* CGFloat+Radians.swift in Sources */ = {isa = PBXBuildFile; fileRef = 0BF8C64024321AAC0031F26A /* CGFloat+Radians.swift */; };
		0BF8C644243235920031F26A /* Dictionary+ToString.swift in Sources */ = {isa = PBXBuildFile; fileRef = 0BF8C643243235920031F26A /* Dictionary+ToString.swift */; };
		0BF8C64624323AEF0031F26A /* Dictionary+StringFromHTTPParameters.swift in Sources */ = {isa = PBXBuildFile; fileRef = 0BF8C64524323AEF0031F26A /* Dictionary+StringFromHTTPParameters.swift */; };
		0BF8C649243362A90031F26A /* String+Localized.swift in Sources */ = {isa = PBXBuildFile; fileRef = 0BF8C648243362A90031F26A /* String+Localized.swift */; };
		0BF8C64B24336DDB0031F26A /* String+Substring.swift in Sources */ = {isa = PBXBuildFile; fileRef = 0BF8C64A24336DDB0031F26A /* String+Substring.swift */; };
		0BF8C64E243374C50031F26A /* UIColor+Hex.swift in Sources */ = {isa = PBXBuildFile; fileRef = 0BF8C64D243374C50031F26A /* UIColor+Hex.swift */; };
		0BF8C65024337A0F0031F26A /* String+Sizes.swift in Sources */ = {isa = PBXBuildFile; fileRef = 0BF8C64F24337A0F0031F26A /* String+Sizes.swift */; };
		0BF8C65224337C4B0031F26A /* String+IsNumeric.swift in Sources */ = {isa = PBXBuildFile; fileRef = 0BF8C65124337C4B0031F26A /* String+IsNumeric.swift */; };
		0BF8C654243380FE0031F26A /* String+RemoveWhiteSpaces.swift in Sources */ = {isa = PBXBuildFile; fileRef = 0BF8C653243380FE0031F26A /* String+RemoveWhiteSpaces.swift */; };
		38605BE3247E8FBE003362D1 /* Date+Components.swift in Sources */ = {isa = PBXBuildFile; fileRef = 38605BE2247E8FBE003362D1 /* Date+Components.swift */; };
		6F72E94FB1A738C48D655460 /* Pods_FinchExtensions.framework in Frameworks */ = {isa = PBXBuildFile; fileRef = 0143C6FF3F57D606BCDD4ACF /* Pods_FinchExtensions.framework */; };
		7862F22127B5283B001D7A49 /* UIButton+BackgroundColor.swift in Sources */ = {isa = PBXBuildFile; fileRef = 7862F22027B5283B001D7A49 /* UIButton+BackgroundColor.swift */; };
		7862F22327B528A9001D7A49 /* UIImage + Additionals.swift in Sources */ = {isa = PBXBuildFile; fileRef = 7862F22227B528A9001D7A49 /* UIImage + Additionals.swift */; };
		787CBE0726F38060003FA69D /* UIViewController + Navigation.swift in Sources */ = {isa = PBXBuildFile; fileRef = 787CBE0626F38060003FA69D /* UIViewController + Navigation.swift */; };
		787CBE0A26F388DE003FA69D /* UIEdgeInsets.swift in Sources */ = {isa = PBXBuildFile; fileRef = 787CBE0926F388DE003FA69D /* UIEdgeInsets.swift */; };
		787D22B326D7A4F500AA3720 /* Double+String.swift in Sources */ = {isa = PBXBuildFile; fileRef = 787D22B226D7A4F500AA3720 /* Double+String.swift */; };
		787D22B626D7A60900AA3720 /* String+Dictionary.swift in Sources */ = {isa = PBXBuildFile; fileRef = 787D22B426D7A60900AA3720 /* String+Dictionary.swift */; };
		787D22B726D7A60900AA3720 /* String+HTMLAttributed.swift in Sources */ = {isa = PBXBuildFile; fileRef = 787D22B526D7A60900AA3720 /* String+HTMLAttributed.swift */; };
		787D22BE26D7A7B000AA3720 /* UIViewController+Modal.swift in Sources */ = {isa = PBXBuildFile; fileRef = 787D22B926D7A7B000AA3720 /* UIViewController+Modal.swift */; };
		787D22BF26D7A7B000AA3720 /* UICollectionView.swift in Sources */ = {isa = PBXBuildFile; fileRef = 787D22BB26D7A7B000AA3720 /* UICollectionView.swift */; };
		787D22C026D7A7B000AA3720 /* UIScreen+Type.swift in Sources */ = {isa = PBXBuildFile; fileRef = 787D22BD26D7A7B000AA3720 /* UIScreen+Type.swift */; };
		97B239928ED1E1C4288BE899 /* Pods_FinchExtensions_FinchExtensionsTests.framework in Frameworks */ = {isa = PBXBuildFile; fileRef = 171774FF1C24FBA35CDB6092 /* Pods_FinchExtensions_FinchExtensionsTests.framework */; };
/* End PBXBuildFile section */

/* Begin PBXContainerItemProxy section */
		0B0589432431DE2F00D36A42 /* PBXContainerItemProxy */ = {
			isa = PBXContainerItemProxy;
			containerPortal = 0B05892F2431DE2F00D36A42 /* Project object */;
			proxyType = 1;
			remoteGlobalIDString = 0B0589372431DE2F00D36A42;
			remoteInfo = FinchExtensions;
		};
/* End PBXContainerItemProxy section */

/* Begin PBXFileReference section */
		0143C6FF3F57D606BCDD4ACF /* Pods_FinchExtensions.framework */ = {isa = PBXFileReference; explicitFileType = wrapper.framework; includeInIndex = 0; path = Pods_FinchExtensions.framework; sourceTree = BUILT_PRODUCTS_DIR; };
		0B0589382431DE2F00D36A42 /* FinchExtensions.framework */ = {isa = PBXFileReference; explicitFileType = wrapper.framework; includeInIndex = 0; path = FinchExtensions.framework; sourceTree = BUILT_PRODUCTS_DIR; };
		0B05893C2431DE2F00D36A42 /* Info.plist */ = {isa = PBXFileReference; lastKnownFileType = text.plist.xml; path = Info.plist; sourceTree = "<group>"; };
		0B0589412431DE2F00D36A42 /* FinchExtensionsTests.xctest */ = {isa = PBXFileReference; explicitFileType = wrapper.cfbundle; includeInIndex = 0; path = FinchExtensionsTests.xctest; sourceTree = BUILT_PRODUCTS_DIR; };
		0B0589462431DE2F00D36A42 /* FinchExtensionsTests.swift */ = {isa = PBXFileReference; lastKnownFileType = sourcecode.swift; path = FinchExtensionsTests.swift; sourceTree = "<group>"; };
		0B0589482431DE2F00D36A42 /* Info.plist */ = {isa = PBXFileReference; lastKnownFileType = text.plist.xml; path = Info.plist; sourceTree = "<group>"; };
		0BF8C63824320DA30031F26A /* Collection+SafeSubscript.swift */ = {isa = PBXFileReference; lastKnownFileType = sourcecode.swift; path = "Collection+SafeSubscript.swift"; sourceTree = "<group>"; };
		0BF8C63C243213E40031F26A /* UIApplication+AppVersion.swift */ = {isa = PBXFileReference; lastKnownFileType = sourcecode.swift; path = "UIApplication+AppVersion.swift"; sourceTree = "<group>"; };
		0BF8C64024321AAC0031F26A /* CGFloat+Radians.swift */ = {isa = PBXFileReference; lastKnownFileType = sourcecode.swift; path = "CGFloat+Radians.swift"; sourceTree = "<group>"; };
		0BF8C643243235920031F26A /* Dictionary+ToString.swift */ = {isa = PBXFileReference; lastKnownFileType = sourcecode.swift; path = "Dictionary+ToString.swift"; sourceTree = "<group>"; };
		0BF8C64524323AEF0031F26A /* Dictionary+StringFromHTTPParameters.swift */ = {isa = PBXFileReference; lastKnownFileType = sourcecode.swift; path = "Dictionary+StringFromHTTPParameters.swift"; sourceTree = "<group>"; };
		0BF8C648243362A90031F26A /* String+Localized.swift */ = {isa = PBXFileReference; lastKnownFileType = sourcecode.swift; path = "String+Localized.swift"; sourceTree = "<group>"; };
		0BF8C64A24336DDB0031F26A /* String+Substring.swift */ = {isa = PBXFileReference; lastKnownFileType = sourcecode.swift; path = "String+Substring.swift"; sourceTree = "<group>"; };
		0BF8C64D243374C50031F26A /* UIColor+Hex.swift */ = {isa = PBXFileReference; lastKnownFileType = sourcecode.swift; path = "UIColor+Hex.swift"; sourceTree = "<group>"; };
		0BF8C64F24337A0F0031F26A /* String+Sizes.swift */ = {isa = PBXFileReference; lastKnownFileType = sourcecode.swift; path = "String+Sizes.swift"; sourceTree = "<group>"; };
		0BF8C65124337C4B0031F26A /* String+IsNumeric.swift */ = {isa = PBXFileReference; lastKnownFileType = sourcecode.swift; path = "String+IsNumeric.swift"; sourceTree = "<group>"; };
		0BF8C653243380FE0031F26A /* String+RemoveWhiteSpaces.swift */ = {isa = PBXFileReference; lastKnownFileType = sourcecode.swift; path = "String+RemoveWhiteSpaces.swift"; sourceTree = "<group>"; };
		171774FF1C24FBA35CDB6092 /* Pods_FinchExtensions_FinchExtensionsTests.framework */ = {isa = PBXFileReference; explicitFileType = wrapper.framework; includeInIndex = 0; path = Pods_FinchExtensions_FinchExtensionsTests.framework; sourceTree = BUILT_PRODUCTS_DIR; };
		38605BE2247E8FBE003362D1 /* Date+Components.swift */ = {isa = PBXFileReference; lastKnownFileType = sourcecode.swift; path = "Date+Components.swift"; sourceTree = "<group>"; };
		7862F22027B5283B001D7A49 /* UIButton+BackgroundColor.swift */ = {isa = PBXFileReference; fileEncoding = 4; lastKnownFileType = sourcecode.swift; path = "UIButton+BackgroundColor.swift"; sourceTree = "<group>"; };
		7862F22227B528A9001D7A49 /* UIImage + Additionals.swift */ = {isa = PBXFileReference; lastKnownFileType = sourcecode.swift; path = "UIImage + Additionals.swift"; sourceTree = "<group>"; };
		787CBE0626F38060003FA69D /* UIViewController + Navigation.swift */ = {isa = PBXFileReference; lastKnownFileType = sourcecode.swift; path = "UIViewController + Navigation.swift"; sourceTree = "<group>"; };
		787CBE0926F388DE003FA69D /* UIEdgeInsets.swift */ = {isa = PBXFileReference; lastKnownFileType = sourcecode.swift; path = UIEdgeInsets.swift; sourceTree = "<group>"; };
		787D22B226D7A4F500AA3720 /* Double+String.swift */ = {isa = PBXFileReference; fileEncoding = 4; lastKnownFileType = sourcecode.swift; path = "Double+String.swift"; sourceTree = "<group>"; };
		787D22B426D7A60900AA3720 /* String+Dictionary.swift */ = {isa = PBXFileReference; fileEncoding = 4; lastKnownFileType = sourcecode.swift; path = "String+Dictionary.swift"; sourceTree = "<group>"; };
		787D22B526D7A60900AA3720 /* String+HTMLAttributed.swift */ = {isa = PBXFileReference; fileEncoding = 4; lastKnownFileType = sourcecode.swift; path = "String+HTMLAttributed.swift"; sourceTree = "<group>"; };
		787D22B926D7A7B000AA3720 /* UIViewController+Modal.swift */ = {isa = PBXFileReference; fileEncoding = 4; lastKnownFileType = sourcecode.swift; path = "UIViewController+Modal.swift"; sourceTree = "<group>"; };
		787D22BB26D7A7B000AA3720 /* UICollectionView.swift */ = {isa = PBXFileReference; fileEncoding = 4; lastKnownFileType = sourcecode.swift; path = UICollectionView.swift; sourceTree = "<group>"; };
		787D22BD26D7A7B000AA3720 /* UIScreen+Type.swift */ = {isa = PBXFileReference; fileEncoding = 4; lastKnownFileType = sourcecode.swift; path = "UIScreen+Type.swift"; sourceTree = "<group>"; };
		8FB0E006448D5A4DB43A45EC /* Pods-FinchExtensions.release.xcconfig */ = {isa = PBXFileReference; includeInIndex = 1; lastKnownFileType = text.xcconfig; name = "Pods-FinchExtensions.release.xcconfig"; path = "Target Support Files/Pods-FinchExtensions/Pods-FinchExtensions.release.xcconfig"; sourceTree = "<group>"; };
		A3557A245A5B9A3ACC4AEC57 /* Pods-FinchExtensions-FinchExtensionsTests.debug.xcconfig */ = {isa = PBXFileReference; includeInIndex = 1; lastKnownFileType = text.xcconfig; name = "Pods-FinchExtensions-FinchExtensionsTests.debug.xcconfig"; path = "Target Support Files/Pods-FinchExtensions-FinchExtensionsTests/Pods-FinchExtensions-FinchExtensionsTests.debug.xcconfig"; sourceTree = "<group>"; };
		C777BD1C46ECC1305E66E885 /* Pods-FinchExtensions-FinchExtensionsTests.release.xcconfig */ = {isa = PBXFileReference; includeInIndex = 1; lastKnownFileType = text.xcconfig; name = "Pods-FinchExtensions-FinchExtensionsTests.release.xcconfig"; path = "Target Support Files/Pods-FinchExtensions-FinchExtensionsTests/Pods-FinchExtensions-FinchExtensionsTests.release.xcconfig"; sourceTree = "<group>"; };
		CC8DC536BABC71D793540D90 /* Pods-FinchExtensions.debug.xcconfig */ = {isa = PBXFileReference; includeInIndex = 1; lastKnownFileType = text.xcconfig; name = "Pods-FinchExtensions.debug.xcconfig"; path = "Target Support Files/Pods-FinchExtensions/Pods-FinchExtensions.debug.xcconfig"; sourceTree = "<group>"; };
/* End PBXFileReference section */

/* Begin PBXFrameworksBuildPhase section */
		0B0589352431DE2F00D36A42 /* Frameworks */ = {
			isa = PBXFrameworksBuildPhase;
			buildActionMask = 2147483647;
			files = (
				6F72E94FB1A738C48D655460 /* Pods_FinchExtensions.framework in Frameworks */,
			);
			runOnlyForDeploymentPostprocessing = 0;
		};
		0B05893E2431DE2F00D36A42 /* Frameworks */ = {
			isa = PBXFrameworksBuildPhase;
			buildActionMask = 2147483647;
			files = (
				0B0589422431DE2F00D36A42 /* FinchExtensions.framework in Frameworks */,
				97B239928ED1E1C4288BE899 /* Pods_FinchExtensions_FinchExtensionsTests.framework in Frameworks */,
			);
			runOnlyForDeploymentPostprocessing = 0;
		};
/* End PBXFrameworksBuildPhase section */

/* Begin PBXGroup section */
		0B05892E2431DE2F00D36A42 = {
			isa = PBXGroup;
			children = (
				0B05893A2431DE2F00D36A42 /* FinchExtensions */,
				0B0589452431DE2F00D36A42 /* FinchExtensionsTests */,
				0B0589392431DE2F00D36A42 /* Products */,
				58340B0DE3090E9B239A862A /* Pods */,
				0F5CEA121A75E2A079F35F40 /* Frameworks */,
			);
			sourceTree = "<group>";
		};
		0B0589392431DE2F00D36A42 /* Products */ = {
			isa = PBXGroup;
			children = (
				0B0589382431DE2F00D36A42 /* FinchExtensions.framework */,
				0B0589412431DE2F00D36A42 /* FinchExtensionsTests.xctest */,
			);
			name = Products;
			sourceTree = "<group>";
		};
		0B05893A2431DE2F00D36A42 /* FinchExtensions */ = {
			isa = PBXGroup;
			children = (
				0BF8C63524320C480031F26A /* Extensions */,
				0B0589522431DF3600D36A42 /* Resources */,
			);
			path = FinchExtensions;
			sourceTree = "<group>";
		};
		0B0589452431DE2F00D36A42 /* FinchExtensionsTests */ = {
			isa = PBXGroup;
			children = (
				0B0589462431DE2F00D36A42 /* FinchExtensionsTests.swift */,
				0B0589482431DE2F00D36A42 /* Info.plist */,
			);
			path = FinchExtensionsTests;
			sourceTree = "<group>";
		};
		0B0589522431DF3600D36A42 /* Resources */ = {
			isa = PBXGroup;
			children = (
				0B05893C2431DE2F00D36A42 /* Info.plist */,
			);
			path = Resources;
			sourceTree = "<group>";
		};
		0BF8C63524320C480031F26A /* Extensions */ = {
			isa = PBXGroup;
			children = (
				0BF8C63E24321A700031F26A /* CoreGraphics */,
				787D22B026D7A4F500AA3720 /* Foundation */,
				0BF8C63624320D6D0031F26A /* Swift */,
				0BF8C63A243213A60031F26A /* UIKit */,
			);
			path = Extensions;
			sourceTree = "<group>";
		};
		0BF8C63624320D6D0031F26A /* Swift */ = {
			isa = PBXGroup;
			children = (
				38605BE1247E8FA2003362D1 /* Date */,
				0BF8C63724320D750031F26A /* Collection */,
				0BF8C642243234510031F26A /* Dictionary */,
				0BF8C6472433628E0031F26A /* String */,
			);
			path = Swift;
			sourceTree = "<group>";
		};
		0BF8C63724320D750031F26A /* Collection */ = {
			isa = PBXGroup;
			children = (
				0BF8C63824320DA30031F26A /* Collection+SafeSubscript.swift */,
			);
			path = Collection;
			sourceTree = "<group>";
		};
		0BF8C63A243213A60031F26A /* UIKit */ = {
			isa = PBXGroup;
			children = (
				7862F21F27B5283B001D7A49 /* UIButton */,
				0BF8C63B243213B20031F26A /* UIApplication */,
				787D22BA26D7A7B000AA3720 /* UICollectionView */,
				0BF8C64C243374830031F26A /* UIColor */,
				787CBE0826F388C2003FA69D /* UIEdgeInsets */,
				787D22BC26D7A7B000AA3720 /* UIScreen */,
				787D22B826D7A7B000AA3720 /* UIViewController */,
				7862F22427B528AE001D7A49 /* UIImage */,
			);
			path = UIKit;
			sourceTree = "<group>";
		};
		0BF8C63B243213B20031F26A /* UIApplication */ = {
			isa = PBXGroup;
			children = (
				0BF8C63C243213E40031F26A /* UIApplication+AppVersion.swift */,
			);
			path = UIApplication;
			sourceTree = "<group>";
		};
		0BF8C63E24321A700031F26A /* CoreGraphics */ = {
			isa = PBXGroup;
			children = (
				0BF8C63F24321A7F0031F26A /* CGFloat */,
			);
			path = CoreGraphics;
			sourceTree = "<group>";
		};
		0BF8C63F24321A7F0031F26A /* CGFloat */ = {
			isa = PBXGroup;
			children = (
				0BF8C64024321AAC0031F26A /* CGFloat+Radians.swift */,
			);
			path = CGFloat;
			sourceTree = "<group>";
		};
		0BF8C642243234510031F26A /* Dictionary */ = {
			isa = PBXGroup;
			children = (
				0BF8C64524323AEF0031F26A /* Dictionary+StringFromHTTPParameters.swift */,
				0BF8C643243235920031F26A /* Dictionary+ToString.swift */,
			);
			path = Dictionary;
			sourceTree = "<group>";
		};
		0BF8C6472433628E0031F26A /* String */ = {
			isa = PBXGroup;
			children = (
				787D22B426D7A60900AA3720 /* String+Dictionary.swift */,
				787D22B526D7A60900AA3720 /* String+HTMLAttributed.swift */,
				0BF8C65124337C4B0031F26A /* String+IsNumeric.swift */,
				0BF8C648243362A90031F26A /* String+Localized.swift */,
				0BF8C653243380FE0031F26A /* String+RemoveWhiteSpaces.swift */,
				0BF8C64F24337A0F0031F26A /* String+Sizes.swift */,
				0BF8C64A24336DDB0031F26A /* String+Substring.swift */,
			);
			path = String;
			sourceTree = "<group>";
		};
		0BF8C64C243374830031F26A /* UIColor */ = {
			isa = PBXGroup;
			children = (
				0BF8C64D243374C50031F26A /* UIColor+Hex.swift */,
			);
			path = UIColor;
			sourceTree = "<group>";
		};
		0F5CEA121A75E2A079F35F40 /* Frameworks */ = {
			isa = PBXGroup;
			children = (
				0143C6FF3F57D606BCDD4ACF /* Pods_FinchExtensions.framework */,
				171774FF1C24FBA35CDB6092 /* Pods_FinchExtensions_FinchExtensionsTests.framework */,
			);
			name = Frameworks;
			sourceTree = "<group>";
		};
		38605BE1247E8FA2003362D1 /* Date */ = {
			isa = PBXGroup;
			children = (
				38605BE2247E8FBE003362D1 /* Date+Components.swift */,
			);
			path = Date;
			sourceTree = "<group>";
		};
		58340B0DE3090E9B239A862A /* Pods */ = {
			isa = PBXGroup;
			children = (
				CC8DC536BABC71D793540D90 /* Pods-FinchExtensions.debug.xcconfig */,
				8FB0E006448D5A4DB43A45EC /* Pods-FinchExtensions.release.xcconfig */,
				A3557A245A5B9A3ACC4AEC57 /* Pods-FinchExtensions-FinchExtensionsTests.debug.xcconfig */,
				C777BD1C46ECC1305E66E885 /* Pods-FinchExtensions-FinchExtensionsTests.release.xcconfig */,
			);
			path = Pods;
			sourceTree = "<group>";
		};
		7862F21F27B5283B001D7A49 /* UIButton */ = {
			isa = PBXGroup;
			children = (
				7862F22027B5283B001D7A49 /* UIButton+BackgroundColor.swift */,
			);
			path = UIButton;
			sourceTree = "<group>";
		};
		7862F22427B528AE001D7A49 /* UIImage */ = {
			isa = PBXGroup;
			children = (
				7862F22227B528A9001D7A49 /* UIImage + Additionals.swift */,
			);
			path = UIImage;
			sourceTree = "<group>";
		};
		787CBE0826F388C2003FA69D /* UIEdgeInsets */ = {
			isa = PBXGroup;
			children = (
				787CBE0926F388DE003FA69D /* UIEdgeInsets.swift */,
			);
			path = UIEdgeInsets;
			sourceTree = "<group>";
		};
		787D22B026D7A4F500AA3720 /* Foundation */ = {
			isa = PBXGroup;
			children = (
				787D22B126D7A4F500AA3720 /* Double */,
			);
			path = Foundation;
			sourceTree = "<group>";
		};
		787D22B126D7A4F500AA3720 /* Double */ = {
			isa = PBXGroup;
			children = (
				787D22B226D7A4F500AA3720 /* Double+String.swift */,
			);
			path = Double;
			sourceTree = "<group>";
		};
		787D22B826D7A7B000AA3720 /* UIViewController */ = {
			isa = PBXGroup;
			children = (
				787D22B926D7A7B000AA3720 /* UIViewController+Modal.swift */,
				787CBE0626F38060003FA69D /* UIViewController + Navigation.swift */,
			);
			path = UIViewController;
			sourceTree = "<group>";
		};
		787D22BA26D7A7B000AA3720 /* UICollectionView */ = {
			isa = PBXGroup;
			children = (
				787D22BB26D7A7B000AA3720 /* UICollectionView.swift */,
			);
			path = UICollectionView;
			sourceTree = "<group>";
		};
		787D22BC26D7A7B000AA3720 /* UIScreen */ = {
			isa = PBXGroup;
			children = (
				787D22BD26D7A7B000AA3720 /* UIScreen+Type.swift */,
			);
			path = UIScreen;
			sourceTree = "<group>";
		};
/* End PBXGroup section */

/* Begin PBXHeadersBuildPhase section */
		0B0589332431DE2F00D36A42 /* Headers */ = {
			isa = PBXHeadersBuildPhase;
			buildActionMask = 2147483647;
			files = (
			);
			runOnlyForDeploymentPostprocessing = 0;
		};
/* End PBXHeadersBuildPhase section */

/* Begin PBXNativeTarget section */
		0B0589372431DE2F00D36A42 /* FinchExtensions */ = {
			isa = PBXNativeTarget;
			buildConfigurationList = 0B05894C2431DE2F00D36A42 /* Build configuration list for PBXNativeTarget "FinchExtensions" */;
			buildPhases = (
				3569309C030C8B67893704A1 /* [CP] Check Pods Manifest.lock */,
				0B0168C2243B56F3001228BF /* SwiftLint */,
				0B0589332431DE2F00D36A42 /* Headers */,
				0B0589342431DE2F00D36A42 /* Sources */,
				0B0589352431DE2F00D36A42 /* Frameworks */,
				0B0589362431DE2F00D36A42 /* Resources */,
			);
			buildRules = (
			);
			dependencies = (
			);
			name = FinchExtensions;
			productName = FinchExtensions;
			productReference = 0B0589382431DE2F00D36A42 /* FinchExtensions.framework */;
			productType = "com.apple.product-type.framework";
		};
		0B0589402431DE2F00D36A42 /* FinchExtensionsTests */ = {
			isa = PBXNativeTarget;
			buildConfigurationList = 0B05894F2431DE2F00D36A42 /* Build configuration list for PBXNativeTarget "FinchExtensionsTests" */;
			buildPhases = (
				FD1C9F1E003A7918EFDF8074 /* [CP] Check Pods Manifest.lock */,
				0B05893D2431DE2F00D36A42 /* Sources */,
				0B05893E2431DE2F00D36A42 /* Frameworks */,
				0B05893F2431DE2F00D36A42 /* Resources */,
			);
			buildRules = (
			);
			dependencies = (
				0B0589442431DE2F00D36A42 /* PBXTargetDependency */,
			);
			name = FinchExtensionsTests;
			productName = FinchExtensionsTests;
			productReference = 0B0589412431DE2F00D36A42 /* FinchExtensionsTests.xctest */;
			productType = "com.apple.product-type.bundle.unit-test";
		};
/* End PBXNativeTarget section */

/* Begin PBXProject section */
		0B05892F2431DE2F00D36A42 /* Project object */ = {
			isa = PBXProject;
			attributes = {
				LastSwiftUpdateCheck = 1140;
				LastUpgradeCheck = 1250;
				ORGANIZATIONNAME = "Finch Mobile";
				TargetAttributes = {
					0B0589372431DE2F00D36A42 = {
						CreatedOnToolsVersion = 11.4;
						LastSwiftMigration = 1140;
					};
					0B0589402431DE2F00D36A42 = {
						CreatedOnToolsVersion = 11.4;
					};
				};
			};
			buildConfigurationList = 0B0589322431DE2F00D36A42 /* Build configuration list for PBXProject "FinchExtensions" */;
			compatibilityVersion = "Xcode 9.3";
			developmentRegion = en;
			hasScannedForEncodings = 0;
			knownRegions = (
				en,
				Base,
			);
			mainGroup = 0B05892E2431DE2F00D36A42;
			productRefGroup = 0B0589392431DE2F00D36A42 /* Products */;
			projectDirPath = "";
			projectRoot = "";
			targets = (
				0B0589372431DE2F00D36A42 /* FinchExtensions */,
				0B0589402431DE2F00D36A42 /* FinchExtensionsTests */,
			);
		};
/* End PBXProject section */

/* Begin PBXResourcesBuildPhase section */
		0B0589362431DE2F00D36A42 /* Resources */ = {
			isa = PBXResourcesBuildPhase;
			buildActionMask = 2147483647;
			files = (
			);
			runOnlyForDeploymentPostprocessing = 0;
		};
		0B05893F2431DE2F00D36A42 /* Resources */ = {
			isa = PBXResourcesBuildPhase;
			buildActionMask = 2147483647;
			files = (
			);
			runOnlyForDeploymentPostprocessing = 0;
		};
/* End PBXResourcesBuildPhase section */

/* Begin PBXShellScriptBuildPhase section */
		0B0168C2243B56F3001228BF /* SwiftLint */ = {
			isa = PBXShellScriptBuildPhase;
			buildActionMask = 2147483647;
			files = (
			);
			inputFileListPaths = (
			);
			inputPaths = (
			);
			name = SwiftLint;
			outputFileListPaths = (
			);
			outputPaths = (
			);
			runOnlyForDeploymentPostprocessing = 0;
			shellPath = /bin/sh;
			shellScript = "\"${PODS_ROOT}/SwiftLint/swiftlint\"\n";
		};
		3569309C030C8B67893704A1 /* [CP] Check Pods Manifest.lock */ = {
			isa = PBXShellScriptBuildPhase;
			buildActionMask = 2147483647;
			files = (
			);
			inputFileListPaths = (
			);
			inputPaths = (
				"${PODS_PODFILE_DIR_PATH}/Podfile.lock",
				"${PODS_ROOT}/Manifest.lock",
			);
			name = "[CP] Check Pods Manifest.lock";
			outputFileListPaths = (
			);
			outputPaths = (
				"$(DERIVED_FILE_DIR)/Pods-FinchExtensions-checkManifestLockResult.txt",
			);
			runOnlyForDeploymentPostprocessing = 0;
			shellPath = /bin/sh;
			shellScript = "diff \"${PODS_PODFILE_DIR_PATH}/Podfile.lock\" \"${PODS_ROOT}/Manifest.lock\" > /dev/null\nif [ $? != 0 ] ; then\n    # print error to STDERR\n    echo \"error: The sandbox is not in sync with the Podfile.lock. Run 'pod install' or update your CocoaPods installation.\" >&2\n    exit 1\nfi\n# This output is used by Xcode 'outputs' to avoid re-running this script phase.\necho \"SUCCESS\" > \"${SCRIPT_OUTPUT_FILE_0}\"\n";
			showEnvVarsInLog = 0;
		};
		FD1C9F1E003A7918EFDF8074 /* [CP] Check Pods Manifest.lock */ = {
			isa = PBXShellScriptBuildPhase;
			buildActionMask = 2147483647;
			files = (
			);
			inputFileListPaths = (
			);
			inputPaths = (
				"${PODS_PODFILE_DIR_PATH}/Podfile.lock",
				"${PODS_ROOT}/Manifest.lock",
			);
			name = "[CP] Check Pods Manifest.lock";
			outputFileListPaths = (
			);
			outputPaths = (
				"$(DERIVED_FILE_DIR)/Pods-FinchExtensions-FinchExtensionsTests-checkManifestLockResult.txt",
			);
			runOnlyForDeploymentPostprocessing = 0;
			shellPath = /bin/sh;
			shellScript = "diff \"${PODS_PODFILE_DIR_PATH}/Podfile.lock\" \"${PODS_ROOT}/Manifest.lock\" > /dev/null\nif [ $? != 0 ] ; then\n    # print error to STDERR\n    echo \"error: The sandbox is not in sync with the Podfile.lock. Run 'pod install' or update your CocoaPods installation.\" >&2\n    exit 1\nfi\n# This output is used by Xcode 'outputs' to avoid re-running this script phase.\necho \"SUCCESS\" > \"${SCRIPT_OUTPUT_FILE_0}\"\n";
			showEnvVarsInLog = 0;
		};
/* End PBXShellScriptBuildPhase section */

/* Begin PBXSourcesBuildPhase section */
		0B0589342431DE2F00D36A42 /* Sources */ = {
			isa = PBXSourcesBuildPhase;
			buildActionMask = 2147483647;
			files = (
				7862F22327B528A9001D7A49 /* UIImage + Additionals.swift in Sources */,
				0BF8C64B24336DDB0031F26A /* String+Substring.swift in Sources */,
				787CBE0726F38060003FA69D /* UIViewController + Navigation.swift in Sources */,
				787D22C026D7A7B000AA3720 /* UIScreen+Type.swift in Sources */,
				0BF8C64E243374C50031F26A /* UIColor+Hex.swift in Sources */,
				0BF8C65224337C4B0031F26A /* String+IsNumeric.swift in Sources */,
				7862F22127B5283B001D7A49 /* UIButton+BackgroundColor.swift in Sources */,
				0BF8C649243362A90031F26A /* String+Localized.swift in Sources */,
				787CBE0A26F388DE003FA69D /* UIEdgeInsets.swift in Sources */,
				0BF8C64124321AAC0031F26A /* CGFloat+Radians.swift in Sources */,
				0BF8C63924320DA30031F26A /* Collection+SafeSubscript.swift in Sources */,
				0BF8C65024337A0F0031F26A /* String+Sizes.swift in Sources */,
				0BF8C64624323AEF0031F26A /* Dictionary+StringFromHTTPParameters.swift in Sources */,
				0BF8C654243380FE0031F26A /* String+RemoveWhiteSpaces.swift in Sources */,
				0BF8C63D243213E40031F26A /* UIApplication+AppVersion.swift in Sources */,
				0BF8C644243235920031F26A /* Dictionary+ToString.swift in Sources */,
				787D22B326D7A4F500AA3720 /* Double+String.swift in Sources */,
				787D22BE26D7A7B000AA3720 /* UIViewController+Modal.swift in Sources */,
				787D22B626D7A60900AA3720 /* String+Dictionary.swift in Sources */,
				38605BE3247E8FBE003362D1 /* Date+Components.swift in Sources */,
				787D22B726D7A60900AA3720 /* String+HTMLAttributed.swift in Sources */,
				787D22BF26D7A7B000AA3720 /* UICollectionView.swift in Sources */,
			);
			runOnlyForDeploymentPostprocessing = 0;
		};
		0B05893D2431DE2F00D36A42 /* Sources */ = {
			isa = PBXSourcesBuildPhase;
			buildActionMask = 2147483647;
			files = (
				0B0589472431DE2F00D36A42 /* FinchExtensionsTests.swift in Sources */,
			);
			runOnlyForDeploymentPostprocessing = 0;
		};
/* End PBXSourcesBuildPhase section */

/* Begin PBXTargetDependency section */
		0B0589442431DE2F00D36A42 /* PBXTargetDependency */ = {
			isa = PBXTargetDependency;
			target = 0B0589372431DE2F00D36A42 /* FinchExtensions */;
			targetProxy = 0B0589432431DE2F00D36A42 /* PBXContainerItemProxy */;
		};
/* End PBXTargetDependency section */

/* Begin XCBuildConfiguration section */
		0B05894A2431DE2F00D36A42 /* Debug */ = {
			isa = XCBuildConfiguration;
			buildSettings = {
				ALWAYS_SEARCH_USER_PATHS = NO;
				CLANG_ANALYZER_NONNULL = YES;
				CLANG_ANALYZER_NUMBER_OBJECT_CONVERSION = YES_AGGRESSIVE;
				CLANG_CXX_LANGUAGE_STANDARD = "gnu++14";
				CLANG_CXX_LIBRARY = "libc++";
				CLANG_ENABLE_MODULES = YES;
				CLANG_ENABLE_OBJC_ARC = YES;
				CLANG_ENABLE_OBJC_WEAK = YES;
				CLANG_WARN_BLOCK_CAPTURE_AUTORELEASING = YES;
				CLANG_WARN_BOOL_CONVERSION = YES;
				CLANG_WARN_COMMA = YES;
				CLANG_WARN_CONSTANT_CONVERSION = YES;
				CLANG_WARN_DEPRECATED_OBJC_IMPLEMENTATIONS = YES;
				CLANG_WARN_DIRECT_OBJC_ISA_USAGE = YES_ERROR;
				CLANG_WARN_DOCUMENTATION_COMMENTS = YES;
				CLANG_WARN_EMPTY_BODY = YES;
				CLANG_WARN_ENUM_CONVERSION = YES;
				CLANG_WARN_INFINITE_RECURSION = YES;
				CLANG_WARN_INT_CONVERSION = YES;
				CLANG_WARN_NON_LITERAL_NULL_CONVERSION = YES;
				CLANG_WARN_OBJC_IMPLICIT_RETAIN_SELF = YES;
				CLANG_WARN_OBJC_LITERAL_CONVERSION = YES;
				CLANG_WARN_OBJC_ROOT_CLASS = YES_ERROR;
				CLANG_WARN_QUOTED_INCLUDE_IN_FRAMEWORK_HEADER = YES;
				CLANG_WARN_RANGE_LOOP_ANALYSIS = YES;
				CLANG_WARN_STRICT_PROTOTYPES = YES;
				CLANG_WARN_SUSPICIOUS_MOVE = YES;
				CLANG_WARN_UNGUARDED_AVAILABILITY = YES_AGGRESSIVE;
				CLANG_WARN_UNREACHABLE_CODE = YES;
				CLANG_WARN__DUPLICATE_METHOD_MATCH = YES;
				COPY_PHASE_STRIP = NO;
				CURRENT_PROJECT_VERSION = 1;
				DEBUG_INFORMATION_FORMAT = dwarf;
				ENABLE_STRICT_OBJC_MSGSEND = YES;
				ENABLE_TESTABILITY = YES;
				GCC_C_LANGUAGE_STANDARD = gnu11;
				GCC_DYNAMIC_NO_PIC = NO;
				GCC_NO_COMMON_BLOCKS = YES;
				GCC_OPTIMIZATION_LEVEL = 0;
				GCC_PREPROCESSOR_DEFINITIONS = (
					"DEBUG=1",
					"$(inherited)",
				);
				GCC_WARN_64_TO_32_BIT_CONVERSION = YES;
				GCC_WARN_ABOUT_RETURN_TYPE = YES_ERROR;
				GCC_WARN_UNDECLARED_SELECTOR = YES;
				GCC_WARN_UNINITIALIZED_AUTOS = YES_AGGRESSIVE;
				GCC_WARN_UNUSED_FUNCTION = YES;
				GCC_WARN_UNUSED_VARIABLE = YES;
				IPHONEOS_DEPLOYMENT_TARGET = 13.4;
				MTL_ENABLE_DEBUG_INFO = INCLUDE_SOURCE;
				MTL_FAST_MATH = YES;
				ONLY_ACTIVE_ARCH = YES;
				SDKROOT = iphoneos;
				SWIFT_ACTIVE_COMPILATION_CONDITIONS = DEBUG;
				SWIFT_OPTIMIZATION_LEVEL = "-Onone";
				VERSIONING_SYSTEM = "apple-generic";
				VERSION_INFO_PREFIX = "";
			};
			name = Debug;
		};
		0B05894B2431DE2F00D36A42 /* Release */ = {
			isa = XCBuildConfiguration;
			buildSettings = {
				ALWAYS_SEARCH_USER_PATHS = NO;
				CLANG_ANALYZER_NONNULL = YES;
				CLANG_ANALYZER_NUMBER_OBJECT_CONVERSION = YES_AGGRESSIVE;
				CLANG_CXX_LANGUAGE_STANDARD = "gnu++14";
				CLANG_CXX_LIBRARY = "libc++";
				CLANG_ENABLE_MODULES = YES;
				CLANG_ENABLE_OBJC_ARC = YES;
				CLANG_ENABLE_OBJC_WEAK = YES;
				CLANG_WARN_BLOCK_CAPTURE_AUTORELEASING = YES;
				CLANG_WARN_BOOL_CONVERSION = YES;
				CLANG_WARN_COMMA = YES;
				CLANG_WARN_CONSTANT_CONVERSION = YES;
				CLANG_WARN_DEPRECATED_OBJC_IMPLEMENTATIONS = YES;
				CLANG_WARN_DIRECT_OBJC_ISA_USAGE = YES_ERROR;
				CLANG_WARN_DOCUMENTATION_COMMENTS = YES;
				CLANG_WARN_EMPTY_BODY = YES;
				CLANG_WARN_ENUM_CONVERSION = YES;
				CLANG_WARN_INFINITE_RECURSION = YES;
				CLANG_WARN_INT_CONVERSION = YES;
				CLANG_WARN_NON_LITERAL_NULL_CONVERSION = YES;
				CLANG_WARN_OBJC_IMPLICIT_RETAIN_SELF = YES;
				CLANG_WARN_OBJC_LITERAL_CONVERSION = YES;
				CLANG_WARN_OBJC_ROOT_CLASS = YES_ERROR;
				CLANG_WARN_QUOTED_INCLUDE_IN_FRAMEWORK_HEADER = YES;
				CLANG_WARN_RANGE_LOOP_ANALYSIS = YES;
				CLANG_WARN_STRICT_PROTOTYPES = YES;
				CLANG_WARN_SUSPICIOUS_MOVE = YES;
				CLANG_WARN_UNGUARDED_AVAILABILITY = YES_AGGRESSIVE;
				CLANG_WARN_UNREACHABLE_CODE = YES;
				CLANG_WARN__DUPLICATE_METHOD_MATCH = YES;
				COPY_PHASE_STRIP = NO;
				CURRENT_PROJECT_VERSION = 1;
				DEBUG_INFORMATION_FORMAT = "dwarf-with-dsym";
				ENABLE_NS_ASSERTIONS = NO;
				ENABLE_STRICT_OBJC_MSGSEND = YES;
				GCC_C_LANGUAGE_STANDARD = gnu11;
				GCC_NO_COMMON_BLOCKS = YES;
				GCC_WARN_64_TO_32_BIT_CONVERSION = YES;
				GCC_WARN_ABOUT_RETURN_TYPE = YES_ERROR;
				GCC_WARN_UNDECLARED_SELECTOR = YES;
				GCC_WARN_UNINITIALIZED_AUTOS = YES_AGGRESSIVE;
				GCC_WARN_UNUSED_FUNCTION = YES;
				GCC_WARN_UNUSED_VARIABLE = YES;
				IPHONEOS_DEPLOYMENT_TARGET = 13.4;
				MTL_ENABLE_DEBUG_INFO = NO;
				MTL_FAST_MATH = YES;
				SDKROOT = iphoneos;
				SWIFT_COMPILATION_MODE = wholemodule;
				SWIFT_OPTIMIZATION_LEVEL = "-O";
				VALIDATE_PRODUCT = YES;
				VERSIONING_SYSTEM = "apple-generic";
				VERSION_INFO_PREFIX = "";
			};
			name = Release;
		};
		0B05894D2431DE2F00D36A42 /* Debug */ = {
			isa = XCBuildConfiguration;
			baseConfigurationReference = CC8DC536BABC71D793540D90 /* Pods-FinchExtensions.debug.xcconfig */;
			buildSettings = {
				CLANG_ENABLE_MODULES = YES;
				CODE_SIGN_STYLE = Automatic;
				DEFINES_MODULE = YES;
				DEVELOPMENT_TEAM = JE787C36BA;
				DYLIB_COMPATIBILITY_VERSION = 1;
				DYLIB_CURRENT_VERSION = 1;
				DYLIB_INSTALL_NAME_BASE = "@rpath";
				INFOPLIST_FILE = "$(SRCROOT)/FinchExtensions/Resources/Info.plist";
				INSTALL_PATH = "$(LOCAL_LIBRARY_DIR)/Frameworks";
				LD_RUNPATH_SEARCH_PATHS = (
					"$(inherited)",
					"@executable_path/Frameworks",
					"@loader_path/Frameworks",
				);
				PRODUCT_BUNDLE_IDENTIFIER = com.finch.mobile.FinchExtensions;
				PRODUCT_NAME = "$(TARGET_NAME:c99extidentifier)";
				SKIP_INSTALL = YES;
				SUPPORTS_MACCATALYST = NO;
				SWIFT_OPTIMIZATION_LEVEL = "-Onone";
				SWIFT_VERSION = 5.0;
				TARGETED_DEVICE_FAMILY = 1;
			};
			name = Debug;
		};
		0B05894E2431DE2F00D36A42 /* Release */ = {
			isa = XCBuildConfiguration;
			baseConfigurationReference = 8FB0E006448D5A4DB43A45EC /* Pods-FinchExtensions.release.xcconfig */;
			buildSettings = {
				CLANG_ENABLE_MODULES = YES;
				CODE_SIGN_STYLE = Automatic;
				DEFINES_MODULE = YES;
				DEVELOPMENT_TEAM = JE787C36BA;
				DYLIB_COMPATIBILITY_VERSION = 1;
				DYLIB_CURRENT_VERSION = 1;
				DYLIB_INSTALL_NAME_BASE = "@rpath";
				INFOPLIST_FILE = "$(SRCROOT)/FinchExtensions/Resources/Info.plist";
				INSTALL_PATH = "$(LOCAL_LIBRARY_DIR)/Frameworks";
				LD_RUNPATH_SEARCH_PATHS = (
					"$(inherited)",
					"@executable_path/Frameworks",
					"@loader_path/Frameworks",
				);
				PRODUCT_BUNDLE_IDENTIFIER = com.finch.mobile.FinchExtensions;
				PRODUCT_NAME = "$(TARGET_NAME:c99extidentifier)";
				SKIP_INSTALL = YES;
				SUPPORTS_MACCATALYST = NO;
				SWIFT_VERSION = 5.0;
				TARGETED_DEVICE_FAMILY = 1;
			};
			name = Release;
		};
		0B0589502431DE2F00D36A42 /* Debug */ = {
			isa = XCBuildConfiguration;
			baseConfigurationReference = A3557A245A5B9A3ACC4AEC57 /* Pods-FinchExtensions-FinchExtensionsTests.debug.xcconfig */;
			buildSettings = {
				ALWAYS_EMBED_SWIFT_STANDARD_LIBRARIES = YES;
				CODE_SIGN_STYLE = Automatic;
				DEVELOPMENT_TEAM = JE787C36BA;
				INFOPLIST_FILE = FinchExtensionsTests/Info.plist;
				LD_RUNPATH_SEARCH_PATHS = (
					"$(inherited)",
					"@executable_path/Frameworks",
					"@loader_path/Frameworks",
				);
				PRODUCT_BUNDLE_IDENTIFIER = com.finch.mobile.FinchExtensionsTests;
				PRODUCT_NAME = "$(TARGET_NAME)";
				SWIFT_VERSION = 5.0;
				TARGETED_DEVICE_FAMILY = "1,2";
			};
			name = Debug;
		};
		0B0589512431DE2F00D36A42 /* Release */ = {
			isa = XCBuildConfiguration;
			baseConfigurationReference = C777BD1C46ECC1305E66E885 /* Pods-FinchExtensions-FinchExtensionsTests.release.xcconfig */;
			buildSettings = {
				ALWAYS_EMBED_SWIFT_STANDARD_LIBRARIES = YES;
				CODE_SIGN_STYLE = Automatic;
				DEVELOPMENT_TEAM = JE787C36BA;
				INFOPLIST_FILE = FinchExtensionsTests/Info.plist;
				LD_RUNPATH_SEARCH_PATHS = (
					"$(inherited)",
					"@executable_path/Frameworks",
					"@loader_path/Frameworks",
				);
				PRODUCT_BUNDLE_IDENTIFIER = com.finch.mobile.FinchExtensionsTests;
				PRODUCT_NAME = "$(TARGET_NAME)";
				SWIFT_VERSION = 5.0;
				TARGETED_DEVICE_FAMILY = "1,2";
			};
			name = Release;
		};
/* End XCBuildConfiguration section */

/* Begin XCConfigurationList section */
		0B0589322431DE2F00D36A42 /* Build configuration list for PBXProject "FinchExtensions" */ = {
			isa = XCConfigurationList;
			buildConfigurations = (
				0B05894A2431DE2F00D36A42 /* Debug */,
				0B05894B2431DE2F00D36A42 /* Release */,
			);
			defaultConfigurationIsVisible = 0;
			defaultConfigurationName = Release;
		};
		0B05894C2431DE2F00D36A42 /* Build configuration list for PBXNativeTarget "FinchExtensions" */ = {
			isa = XCConfigurationList;
			buildConfigurations = (
				0B05894D2431DE2F00D36A42 /* Debug */,
				0B05894E2431DE2F00D36A42 /* Release */,
			);
			defaultConfigurationIsVisible = 0;
			defaultConfigurationName = Release;
		};
		0B05894F2431DE2F00D36A42 /* Build configuration list for PBXNativeTarget "FinchExtensionsTests" */ = {
			isa = XCConfigurationList;
			buildConfigurations = (
				0B0589502431DE2F00D36A42 /* Debug */,
				0B0589512431DE2F00D36A42 /* Release */,
			);
			defaultConfigurationIsVisible = 0;
			defaultConfigurationName = Release;
		};
/* End XCConfigurationList section */
	};
	rootObject = 0B05892F2431DE2F00D36A42 /* Project object */;
}
