{
  "pins" : [
    {
      "identity" : "kingfisher",
      "kind" : "remoteSourceControl",
      "location" : "https://github.com/onevcat/Kingfisher",
      "state" : {
        "branch" : "master",
        "revision" : "5d094b48b73683d259368bbcbe4fa733e6069970"
      }
    }
  ],
  "version" : 2
}
