// !$*UTF8*$!
{
	archiveVersion = 1;
	classes = {
	};
	objectVersion = 55;
	objects = {

/* Begin PBXBuildFile section */
		1936838527D64D9100BC6631 /* Assembly.swift in Sources */ = {isa = PBXBuildFile; fileRef = 193682C027D64D9000BC6631 /* Assembly.swift */; };
		1936838627D64D9100BC6631 /* ModuleTransitionHandler.swift in Sources */ = {isa = PBXBuildFile; fileRef = 193682C127D64D9000BC6631 /* ModuleTransitionHandler.swift */; };
		1936838727D64D9100BC6631 /* TransitionModel.swift in Sources */ = {isa = PBXBuildFile; fileRef = 193682C227D64D9000BC6631 /* TransitionModel.swift */; };
		193684A927D64E6800BC6631 /* DispatchQueue.swift in Sources */ = {isa = PBXBuildFile; fileRef = 193684A827D64E6800BC6631 /* DispatchQueue.swift */; };
		193684AB27D64E7F00BC6631 /* NSObject.swift in Sources */ = {isa = PBXBuildFile; fileRef = 193684AA27D64E7F00BC6631 /* NSObject.swift */; };
		193684B027D64EBC00BC6631 /* UITableVIew+RegisterCell.swift in Sources */ = {isa = PBXBuildFile; fileRef = 193684AC27D64EBC00BC6631 /* UITableVIew+RegisterCell.swift */; };
		193684B127D64EBC00BC6631 /* UIStackView.swift in Sources */ = {isa = PBXBuildFile; fileRef = 193684AD27D64EBC00BC6631 /* UIStackView.swift */; };
		193684B227D64EBC00BC6631 /* UIVIew+Animations.swift in Sources */ = {isa = PBXBuildFile; fileRef = 193684AE27D64EBC00BC6631 /* UIVIew+Animations.swift */; };
		193684B327D64EBC00BC6631 /* UIViewController+StatusBar.swift in Sources */ = {isa = PBXBuildFile; fileRef = 193684AF27D64EBC00BC6631 /* UIViewController+StatusBar.swift */; };
		193684B827D64ED900BC6631 /* KeyboardShowableViewController.swift in Sources */ = {isa = PBXBuildFile; fileRef = 193684B727D64ED900BC6631 /* KeyboardShowableViewController.swift */; };
		193684BC27D64EE400BC6631 /* AlertAction.swift in Sources */ = {isa = PBXBuildFile; fileRef = 193684BA27D64EE400BC6631 /* AlertAction.swift */; };
		193684BD27D64EE400BC6631 /* Alertable.swift in Sources */ = {isa = PBXBuildFile; fileRef = 193684BB27D64EE400BC6631 /* Alertable.swift */; };
		193684C027D64EEA00BC6631 /* ViewOutput.swift in Sources */ = {isa = PBXBuildFile; fileRef = 193684BE27D64EEA00BC6631 /* ViewOutput.swift */; };
		193684C527D64F3700BC6631 /* ErrorPresentable.swift in Sources */ = {isa = PBXBuildFile; fileRef = 193684C227D64F3700BC6631 /* ErrorPresentable.swift */; };
		193684C627D64F3700BC6631 /* ErrorPlaceholder.swift in Sources */ = {isa = PBXBuildFile; fileRef = 193684C327D64F3700BC6631 /* ErrorPlaceholder.swift */; };
		193684C727D64F3700BC6631 /* ErrorModel.swift in Sources */ = {isa = PBXBuildFile; fileRef = 193684C427D64F3700BC6631 /* ErrorModel.swift */; };
		19C20A3F27D775350087ABD5 /* R.generated.swift in Sources */ = {isa = PBXBuildFile; fileRef = 19C20A3E27D775350087ABD5 /* R.generated.swift */; };
		19C20AAC27D786600087ABD5 /* NLSlider.swift in Sources */ = {isa = PBXBuildFile; fileRef = 19C20A8827D786600087ABD5 /* NLSlider.swift */; };
		19C20AAD27D786600087ABD5 /* NLStackView.swift in Sources */ = {isa = PBXBuildFile; fileRef = 19C20A8927D786600087ABD5 /* NLStackView.swift */; };
		19C20AAE27D786600087ABD5 /* NLBarButtonItem.swift in Sources */ = {isa = PBXBuildFile; fileRef = 19C20A8A27D786600087ABD5 /* NLBarButtonItem.swift */; };
		19C20AAF27D786600087ABD5 /* NiblessClasses.md in Resources */ = {isa = PBXBuildFile; fileRef = 19C20A8B27D786600087ABD5 /* NiblessClasses.md */; };
		19C20AB027D786600087ABD5 /* NLPageViewController.swift in Sources */ = {isa = PBXBuildFile; fileRef = 19C20A8C27D786600087ABD5 /* NLPageViewController.swift */; };
		19C20AB127D786600087ABD5 /* NLButton.swift in Sources */ = {isa = PBXBuildFile; fileRef = 19C20A8D27D786600087ABD5 /* NLButton.swift */; };
		19C20AB227D786600087ABD5 /* NLControl.swift in Sources */ = {isa = PBXBuildFile; fileRef = 19C20A8E27D786600087ABD5 /* NLControl.swift */; };
		19C20AB327D786600087ABD5 /* NLTextField.swift in Sources */ = {isa = PBXBuildFile; fileRef = 19C20A8F27D786600087ABD5 /* NLTextField.swift */; };
		19C20AB427D786600087ABD5 /* NLTableViewHeaderFooterView.swift in Sources */ = {isa = PBXBuildFile; fileRef = 19C20A9027D786600087ABD5 /* NLTableViewHeaderFooterView.swift */; };
		19C20AB527D786600087ABD5 /* NLViewController.swift in Sources */ = {isa = PBXBuildFile; fileRef = 19C20A9127D786600087ABD5 /* NLViewController.swift */; };
		19C20AB627D786600087ABD5 /* NLTableViewCell.swift in Sources */ = {isa = PBXBuildFile; fileRef = 19C20A9227D786600087ABD5 /* NLTableViewCell.swift */; };
		19C20AB727D786600087ABD5 /* NLView.swift in Sources */ = {isa = PBXBuildFile; fileRef = 19C20A9327D786600087ABD5 /* NLView.swift */; };
		19C20AB827D786600087ABD5 /* NLCollectionViewCell.swift in Sources */ = {isa = PBXBuildFile; fileRef = 19C20A9427D786600087ABD5 /* NLCollectionViewCell.swift */; };
		19C20AB927D786600087ABD5 /* ButtonWithTouchArea.swift in Sources */ = {isa = PBXBuildFile; fileRef = 19C20A9627D786600087ABD5 /* ButtonWithTouchArea.swift */; };
		19C20ABA27D786600087ABD5 /* String + Size.swift in Sources */ = {isa = PBXBuildFile; fileRef = 19C20A9827D786600087ABD5 /* String + Size.swift */; };
		19C20ABB27D786600087ABD5 /* PlaceholderView.swift in Sources */ = {isa = PBXBuildFile; fileRef = 19C20A9A27D786600087ABD5 /* PlaceholderView.swift */; };
		19C20ABC27D786600087ABD5 /* PlaceholderAssets.xcassets in Resources */ = {isa = PBXBuildFile; fileRef = 19C20A9B27D786600087ABD5 /* PlaceholderAssets.xcassets */; };
		19C20AE927D7875E0087ABD5 /* InternetConnectionReachability.swift in Sources */ = {isa = PBXBuildFile; fileRef = 19C20AD027D7875E0087ABD5 /* InternetConnectionReachability.swift */; };
		19C20AEA27D7875E0087ABD5 /* InternetConnectionReachabilityHandler.swift in Sources */ = {isa = PBXBuildFile; fileRef = 19C20AD127D7875E0087ABD5 /* InternetConnectionReachabilityHandler.swift */; };
		19C20AEB27D7875E0087ABD5 /* InternetConnectionReachabilityCenter.swift in Sources */ = {isa = PBXBuildFile; fileRef = 19C20AD227D7875E0087ABD5 /* InternetConnectionReachabilityCenter.swift */; };
		19C20AF227D7875E0087ABD5 /* Notifications.swift in Sources */ = {isa = PBXBuildFile; fileRef = 19C20ADB27D7875E0087ABD5 /* Notifications.swift */; };
		19C20B4227D787720087ABD5 /* CGFloat+Radians.swift in Sources */ = {isa = PBXBuildFile; fileRef = 19C20B0127D787720087ABD5 /* CGFloat+Radians.swift */; };
		19C20B4327D787720087ABD5 /* UIImage + Additionals.swift in Sources */ = {isa = PBXBuildFile; fileRef = 19C20B0427D787720087ABD5 /* UIImage + Additionals.swift */; };
		19C20B4427D787720087ABD5 /* UIScreen+Type.swift in Sources */ = {isa = PBXBuildFile; fileRef = 19C20B0627D787720087ABD5 /* UIScreen+Type.swift */; };
		19C20B4527D787720087ABD5 /* UIApplication+AppVersion.swift in Sources */ = {isa = PBXBuildFile; fileRef = 19C20B0827D787720087ABD5 /* UIApplication+AppVersion.swift */; };
		19C20B4627D787720087ABD5 /* UIButton+BackgroundColor.swift in Sources */ = {isa = PBXBuildFile; fileRef = 19C20B0A27D787720087ABD5 /* UIButton+BackgroundColor.swift */; };
		19C20B4727D787720087ABD5 /* UIColor+Hex.swift in Sources */ = {isa = PBXBuildFile; fileRef = 19C20B0C27D787720087ABD5 /* UIColor+Hex.swift */; };
		19C20B4827D787720087ABD5 /* UIView+AddSubViews.swift in Sources */ = {isa = PBXBuildFile; fileRef = 19C20B0E27D787720087ABD5 /* UIView+AddSubViews.swift */; };
		19C20B4927D787720087ABD5 /* UIView+DisableAutoResMaskForSubviews.swift in Sources */ = {isa = PBXBuildFile; fileRef = 19C20B0F27D787720087ABD5 /* UIView+DisableAutoResMaskForSubviews.swift */; };
		19C20B4A27D787720087ABD5 /* UICollectionView.swift in Sources */ = {isa = PBXBuildFile; fileRef = 19C20B1127D787720087ABD5 /* UICollectionView.swift */; };
		19C20B4B27D787720087ABD5 /* UIViewController+Modal.swift in Sources */ = {isa = PBXBuildFile; fileRef = 19C20B1327D787720087ABD5 /* UIViewController+Modal.swift */; };
		19C20B4C27D787720087ABD5 /* UIViewController + Navigation.swift in Sources */ = {isa = PBXBuildFile; fileRef = 19C20B1427D787720087ABD5 /* UIViewController + Navigation.swift */; };
		19C20B4D27D787720087ABD5 /* UIStackView+AddMultipleViewsToStack.swift in Sources */ = {isa = PBXBuildFile; fileRef = 19C20B1627D787720087ABD5 /* UIStackView+AddMultipleViewsToStack.swift */; };
		19C20B4E27D787720087ABD5 /* UIEdgeInsets.swift in Sources */ = {isa = PBXBuildFile; fileRef = 19C20B1827D787720087ABD5 /* UIEdgeInsets.swift */; };
		19C20B4F27D787720087ABD5 /* Double+String.swift in Sources */ = {isa = PBXBuildFile; fileRef = 19C20B1B27D787720087ABD5 /* Double+String.swift */; };
		19C20B5027D787720087ABD5 /* Collection+SafeSubscript.swift in Sources */ = {isa = PBXBuildFile; fileRef = 19C20B1E27D787720087ABD5 /* Collection+SafeSubscript.swift */; };
		19C20B5127D787720087ABD5 /* Array+ToString.swift in Sources */ = {isa = PBXBuildFile; fileRef = 19C20B2027D787720087ABD5 /* Array+ToString.swift */; };
		19C20B5227D787720087ABD5 /* Date+Components.swift in Sources */ = {isa = PBXBuildFile; fileRef = 19C20B2227D787720087ABD5 /* Date+Components.swift */; };
		19C20B5327D787720087ABD5 /* Dictionary+StringFromHTTPParameters.swift in Sources */ = {isa = PBXBuildFile; fileRef = 19C20B2427D787720087ABD5 /* Dictionary+StringFromHTTPParameters.swift */; };
		19C20B5427D787720087ABD5 /* Dictionary+ToString.swift in Sources */ = {isa = PBXBuildFile; fileRef = 19C20B2527D787720087ABD5 /* Dictionary+ToString.swift */; };
		19C20B5527D787720087ABD5 /* String+RemoveWhiteSpaces.swift in Sources */ = {isa = PBXBuildFile; fileRef = 19C20B2727D787720087ABD5 /* String+RemoveWhiteSpaces.swift */; };
		19C20B5627D787720087ABD5 /* String+Sizes.swift in Sources */ = {isa = PBXBuildFile; fileRef = 19C20B2827D787720087ABD5 /* String+Sizes.swift */; };
		19C20B5727D787720087ABD5 /* String+Localized.swift in Sources */ = {isa = PBXBuildFile; fileRef = 19C20B2927D787720087ABD5 /* String+Localized.swift */; };
		19C20B5827D787720087ABD5 /* String+Mask.swift in Sources */ = {isa = PBXBuildFile; fileRef = 19C20B2A27D787720087ABD5 /* String+Mask.swift */; };
		19C20B5927D787720087ABD5 /* String+HTMLAttributed.swift in Sources */ = {isa = PBXBuildFile; fileRef = 19C20B2B27D787720087ABD5 /* String+HTMLAttributed.swift */; };
		19C20B5A27D787720087ABD5 /* String+Capitalizing.swift in Sources */ = {isa = PBXBuildFile; fileRef = 19C20B2C27D787720087ABD5 /* String+Capitalizing.swift */; };
		19C20B5B27D787720087ABD5 /* String+Substring.swift in Sources */ = {isa = PBXBuildFile; fileRef = 19C20B2D27D787720087ABD5 /* String+Substring.swift */; };
		19C20B5C27D787720087ABD5 /* String+IsNumeric.swift in Sources */ = {isa = PBXBuildFile; fileRef = 19C20B2E27D787720087ABD5 /* String+IsNumeric.swift */; };
		19C20B5D27D787720087ABD5 /* String+Highlighted.swift in Sources */ = {isa = PBXBuildFile; fileRef = 19C20B2F27D787720087ABD5 /* String+Highlighted.swift */; };
		19C20B5E27D787720087ABD5 /* String+Dictionary.swift in Sources */ = {isa = PBXBuildFile; fileRef = 19C20B3027D787720087ABD5 /* String+Dictionary.swift */; };
		19C20BE227D7899C0087ABD5 /* SJCenterFlowLayout.swift in Sources */ = {isa = PBXBuildFile; fileRef = 19C20BCB27D7899B0087ABD5 /* SJCenterFlowLayout.swift */; };
		19C20BE327D7899C0087ABD5 /* CollectionCellConfigurator.swift in Sources */ = {isa = PBXBuildFile; fileRef = 19C20BCC27D7899B0087ABD5 /* CollectionCellConfigurator.swift */; };
		19C20BE427D7899C0087ABD5 /* CollectionViewManagerInput.swift in Sources */ = {isa = PBXBuildFile; fileRef = 19C20BCD27D7899B0087ABD5 /* CollectionViewManagerInput.swift */; };
		19C20BE527D7899C0087ABD5 /* DataConverterInput.swift in Sources */ = {isa = PBXBuildFile; fileRef = 19C20BCF27D7899B0087ABD5 /* DataConverterInput.swift */; };
		19C20BE627D7899C0087ABD5 /* CellConfigurator.swift in Sources */ = {isa = PBXBuildFile; fileRef = 19C20BD027D7899B0087ABD5 /* CellConfigurator.swift */; };
		19C20BE727D7899C0087ABD5 /* Configurable.swift in Sources */ = {isa = PBXBuildFile; fileRef = 19C20BD127D7899B0087ABD5 /* Configurable.swift */; };
		19C20BE827D7899C0087ABD5 /* CollectionDataConverterInput.swift in Sources */ = {isa = PBXBuildFile; fileRef = 19C20BD227D7899B0087ABD5 /* CollectionDataConverterInput.swift */; };
		19C20BE927D7899C0087ABD5 /* Setupable.swift in Sources */ = {isa = PBXBuildFile; fileRef = 19C20BD327D7899B0087ABD5 /* Setupable.swift */; };
		19C20BEA27D7899C0087ABD5 /* Delegatable.swift in Sources */ = {isa = PBXBuildFile; fileRef = 19C20BD427D7899B0087ABD5 /* Delegatable.swift */; };
		19C20BEB27D7899C0087ABD5 /* TableHeaderFooterConfigurator.swift in Sources */ = {isa = PBXBuildFile; fileRef = 19C20BD627D7899B0087ABD5 /* TableHeaderFooterConfigurator.swift */; };
		19C20BEC27D7899C0087ABD5 /* TableCellConfigurator.swift in Sources */ = {isa = PBXBuildFile; fileRef = 19C20BD727D7899B0087ABD5 /* TableCellConfigurator.swift */; };
		19CE89FE27D4C98C00D310C7 /* Kingfisher in Frameworks */ = {isa = PBXBuildFile; productRef = 19CE89FD27D4C98C00D310C7 /* Kingfisher */; };
		669A4F81CE0A0D48A5F1FF04 /* Pods_Awaker.framework in Frameworks */ = {isa = PBXBuildFile; fileRef = 7A2F9B67D5129FDC4A9B6D6F /* Pods_Awaker.framework */; };
		DFBCAC3327D380F300A58DDF /* AppDelegate.swift in Sources */ = {isa = PBXBuildFile; fileRef = DFBCAC3227D380F300A58DDF /* AppDelegate.swift */; };
		DFBCAC3727D380F300A58DDF /* ViewController.swift in Sources */ = {isa = PBXBuildFile; fileRef = DFBCAC3627D380F300A58DDF /* ViewController.swift */; };
		DFBCAC3C27D380F400A58DDF /* Assets.xcassets in Resources */ = {isa = PBXBuildFile; fileRef = DFBCAC3B27D380F400A58DDF /* Assets.xcassets */; };
		DFBCAC3F27D380F400A58DDF /* LaunchScreen.storyboard in Resources */ = {isa = PBXBuildFile; fileRef = DFBCAC3D27D380F400A58DDF /* LaunchScreen.storyboard */; };
/* End PBXBuildFile section */

/* Begin PBXFileReference section */
		193682C027D64D9000BC6631 /* Assembly.swift */ = {isa = PBXFileReference; fileEncoding = 4; lastKnownFileType = sourcecode.swift; path = Assembly.swift; sourceTree = "<group>"; };
		193682C127D64D9000BC6631 /* ModuleTransitionHandler.swift */ = {isa = PBXFileReference; fileEncoding = 4; lastKnownFileType = sourcecode.swift; path = ModuleTransitionHandler.swift; sourceTree = "<group>"; };
		193682C227D64D9000BC6631 /* TransitionModel.swift */ = {isa = PBXFileReference; fileEncoding = 4; lastKnownFileType = sourcecode.swift; path = TransitionModel.swift; sourceTree = "<group>"; };
		193684A827D64E6800BC6631 /* DispatchQueue.swift */ = {isa = PBXFileReference; fileEncoding = 4; lastKnownFileType = sourcecode.swift; path = DispatchQueue.swift; sourceTree = "<group>"; };
		193684AA27D64E7F00BC6631 /* NSObject.swift */ = {isa = PBXFileReference; fileEncoding = 4; lastKnownFileType = sourcecode.swift; path = NSObject.swift; sourceTree = "<group>"; };
		193684AC27D64EBC00BC6631 /* UITableVIew+RegisterCell.swift */ = {isa = PBXFileReference; fileEncoding = 4; lastKnownFileType = sourcecode.swift; path = "UITableVIew+RegisterCell.swift"; sourceTree = "<group>"; };
		193684AD27D64EBC00BC6631 /* UIStackView.swift */ = {isa = PBXFileReference; fileEncoding = 4; lastKnownFileType = sourcecode.swift; path = UIStackView.swift; sourceTree = "<group>"; };
		193684AE27D64EBC00BC6631 /* UIVIew+Animations.swift */ = {isa = PBXFileReference; fileEncoding = 4; lastKnownFileType = sourcecode.swift; path = "UIVIew+Animations.swift"; sourceTree = "<group>"; };
		193684AF27D64EBC00BC6631 /* UIViewController+StatusBar.swift */ = {isa = PBXFileReference; fileEncoding = 4; lastKnownFileType = sourcecode.swift; path = "UIViewController+StatusBar.swift"; sourceTree = "<group>"; };
		193684B727D64ED900BC6631 /* KeyboardShowableViewController.swift */ = {isa = PBXFileReference; fileEncoding = 4; lastKnownFileType = sourcecode.swift; path = KeyboardShowableViewController.swift; sourceTree = "<group>"; };
		193684BA27D64EE400BC6631 /* AlertAction.swift */ = {isa = PBXFileReference; fileEncoding = 4; lastKnownFileType = sourcecode.swift; path = AlertAction.swift; sourceTree = "<group>"; };
		193684BB27D64EE400BC6631 /* Alertable.swift */ = {isa = PBXFileReference; fileEncoding = 4; lastKnownFileType = sourcecode.swift; path = Alertable.swift; sourceTree = "<group>"; };
		193684BE27D64EEA00BC6631 /* ViewOutput.swift */ = {isa = PBXFileReference; fileEncoding = 4; lastKnownFileType = sourcecode.swift; path = ViewOutput.swift; sourceTree = "<group>"; };
		193684C227D64F3700BC6631 /* ErrorPresentable.swift */ = {isa = PBXFileReference; fileEncoding = 4; lastKnownFileType = sourcecode.swift; path = ErrorPresentable.swift; sourceTree = "<group>"; };
		193684C327D64F3700BC6631 /* ErrorPlaceholder.swift */ = {isa = PBXFileReference; fileEncoding = 4; lastKnownFileType = sourcecode.swift; path = ErrorPlaceholder.swift; sourceTree = "<group>"; };
		193684C427D64F3700BC6631 /* ErrorModel.swift */ = {isa = PBXFileReference; fileEncoding = 4; lastKnownFileType = sourcecode.swift; path = ErrorModel.swift; sourceTree = "<group>"; };
		19C20A3E27D775350087ABD5 /* R.generated.swift */ = {isa = PBXFileReference; fileEncoding = 4; lastKnownFileType = sourcecode.swift; path = R.generated.swift; sourceTree = SOURCE_ROOT; };
		19C20A8827D786600087ABD5 /* NLSlider.swift */ = {isa = PBXFileReference; fileEncoding = 4; lastKnownFileType = sourcecode.swift; path = NLSlider.swift; sourceTree = "<group>"; };
		19C20A8927D786600087ABD5 /* NLStackView.swift */ = {isa = PBXFileReference; fileEncoding = 4; lastKnownFileType = sourcecode.swift; path = NLStackView.swift; sourceTree = "<group>"; };
		19C20A8A27D786600087ABD5 /* NLBarButtonItem.swift */ = {isa = PBXFileReference; fileEncoding = 4; lastKnownFileType = sourcecode.swift; path = NLBarButtonItem.swift; sourceTree = "<group>"; };
		19C20A8B27D786600087ABD5 /* NiblessClasses.md */ = {isa = PBXFileReference; fileEncoding = 4; lastKnownFileType = net.daringfireball.markdown; path = NiblessClasses.md; sourceTree = "<group>"; };
		19C20A8C27D786600087ABD5 /* NLPageViewController.swift */ = {isa = PBXFileReference; fileEncoding = 4; lastKnownFileType = sourcecode.swift; path = NLPageViewController.swift; sourceTree = "<group>"; };
		19C20A8D27D786600087ABD5 /* NLButton.swift */ = {isa = PBXFileReference; fileEncoding = 4; lastKnownFileType = sourcecode.swift; path = NLButton.swift; sourceTree = "<group>"; };
		19C20A8E27D786600087ABD5 /* NLControl.swift */ = {isa = PBXFileReference; fileEncoding = 4; lastKnownFileType = sourcecode.swift; path = NLControl.swift; sourceTree = "<group>"; };
		19C20A8F27D786600087ABD5 /* NLTextField.swift */ = {isa = PBXFileReference; fileEncoding = 4; lastKnownFileType = sourcecode.swift; path = NLTextField.swift; sourceTree = "<group>"; };
		19C20A9027D786600087ABD5 /* NLTableViewHeaderFooterView.swift */ = {isa = PBXFileReference; fileEncoding = 4; lastKnownFileType = sourcecode.swift; path = NLTableViewHeaderFooterView.swift; sourceTree = "<group>"; };
		19C20A9127D786600087ABD5 /* NLViewController.swift */ = {isa = PBXFileReference; fileEncoding = 4; lastKnownFileType = sourcecode.swift; path = NLViewController.swift; sourceTree = "<group>"; };
		19C20A9227D786600087ABD5 /* NLTableViewCell.swift */ = {isa = PBXFileReference; fileEncoding = 4; lastKnownFileType = sourcecode.swift; path = NLTableViewCell.swift; sourceTree = "<group>"; };
		19C20A9327D786600087ABD5 /* NLView.swift */ = {isa = PBXFileReference; fileEncoding = 4; lastKnownFileType = sourcecode.swift; path = NLView.swift; sourceTree = "<group>"; };
		19C20A9427D786600087ABD5 /* NLCollectionViewCell.swift */ = {isa = PBXFileReference; fileEncoding = 4; lastKnownFileType = sourcecode.swift; path = NLCollectionViewCell.swift; sourceTree = "<group>"; };
		19C20A9627D786600087ABD5 /* ButtonWithTouchArea.swift */ = {isa = PBXFileReference; fileEncoding = 4; lastKnownFileType = sourcecode.swift; path = ButtonWithTouchArea.swift; sourceTree = "<group>"; };
		19C20A9827D786600087ABD5 /* String + Size.swift */ = {isa = PBXFileReference; fileEncoding = 4; lastKnownFileType = sourcecode.swift; path = "String + Size.swift"; sourceTree = "<group>"; };
		19C20A9A27D786600087ABD5 /* PlaceholderView.swift */ = {isa = PBXFileReference; fileEncoding = 4; lastKnownFileType = sourcecode.swift; path = PlaceholderView.swift; sourceTree = "<group>"; };
		19C20A9B27D786600087ABD5 /* PlaceholderAssets.xcassets */ = {isa = PBXFileReference; lastKnownFileType = folder.assetcatalog; path = PlaceholderAssets.xcassets; sourceTree = "<group>"; };
		19C20AD027D7875E0087ABD5 /* InternetConnectionReachability.swift */ = {isa = PBXFileReference; fileEncoding = 4; lastKnownFileType = sourcecode.swift; path = InternetConnectionReachability.swift; sourceTree = "<group>"; };
		19C20AD127D7875E0087ABD5 /* InternetConnectionReachabilityHandler.swift */ = {isa = PBXFileReference; fileEncoding = 4; lastKnownFileType = sourcecode.swift; path = InternetConnectionReachabilityHandler.swift; sourceTree = "<group>"; };
		19C20AD227D7875E0087ABD5 /* InternetConnectionReachabilityCenter.swift */ = {isa = PBXFileReference; fileEncoding = 4; lastKnownFileType = sourcecode.swift; path = InternetConnectionReachabilityCenter.swift; sourceTree = "<group>"; };
		19C20ADB27D7875E0087ABD5 /* Notifications.swift */ = {isa = PBXFileReference; fileEncoding = 4; lastKnownFileType = sourcecode.swift; path = Notifications.swift; sourceTree = "<group>"; };
		19C20B0127D787720087ABD5 /* CGFloat+Radians.swift */ = {isa = PBXFileReference; fileEncoding = 4; lastKnownFileType = sourcecode.swift; path = "CGFloat+Radians.swift"; sourceTree = "<group>"; };
		19C20B0427D787720087ABD5 /* UIImage + Additionals.swift */ = {isa = PBXFileReference; fileEncoding = 4; lastKnownFileType = sourcecode.swift; path = "UIImage + Additionals.swift"; sourceTree = "<group>"; };
		19C20B0627D787720087ABD5 /* UIScreen+Type.swift */ = {isa = PBXFileReference; fileEncoding = 4; lastKnownFileType = sourcecode.swift; path = "UIScreen+Type.swift"; sourceTree = "<group>"; };
		19C20B0827D787720087ABD5 /* UIApplication+AppVersion.swift */ = {isa = PBXFileReference; fileEncoding = 4; lastKnownFileType = sourcecode.swift; path = "UIApplication+AppVersion.swift"; sourceTree = "<group>"; };
		19C20B0A27D787720087ABD5 /* UIButton+BackgroundColor.swift */ = {isa = PBXFileReference; fileEncoding = 4; lastKnownFileType = sourcecode.swift; path = "UIButton+BackgroundColor.swift"; sourceTree = "<group>"; };
		19C20B0C27D787720087ABD5 /* UIColor+Hex.swift */ = {isa = PBXFileReference; fileEncoding = 4; lastKnownFileType = sourcecode.swift; path = "UIColor+Hex.swift"; sourceTree = "<group>"; };
		19C20B0E27D787720087ABD5 /* UIView+AddSubViews.swift */ = {isa = PBXFileReference; fileEncoding = 4; lastKnownFileType = sourcecode.swift; path = "UIView+AddSubViews.swift"; sourceTree = "<group>"; };
		19C20B0F27D787720087ABD5 /* UIView+DisableAutoResMaskForSubviews.swift */ = {isa = PBXFileReference; fileEncoding = 4; lastKnownFileType = sourcecode.swift; path = "UIView+DisableAutoResMaskForSubviews.swift"; sourceTree = "<group>"; };
		19C20B1127D787720087ABD5 /* UICollectionView.swift */ = {isa = PBXFileReference; fileEncoding = 4; lastKnownFileType = sourcecode.swift; path = UICollectionView.swift; sourceTree = "<group>"; };
		19C20B1327D787720087ABD5 /* UIViewController+Modal.swift */ = {isa = PBXFileReference; fileEncoding = 4; lastKnownFileType = sourcecode.swift; path = "UIViewController+Modal.swift"; sourceTree = "<group>"; };
		19C20B1427D787720087ABD5 /* UIViewController + Navigation.swift */ = {isa = PBXFileReference; fileEncoding = 4; lastKnownFileType = sourcecode.swift; path = "UIViewController + Navigation.swift"; sourceTree = "<group>"; };
		19C20B1627D787720087ABD5 /* UIStackView+AddMultipleViewsToStack.swift */ = {isa = PBXFileReference; fileEncoding = 4; lastKnownFileType = sourcecode.swift; path = "UIStackView+AddMultipleViewsToStack.swift"; sourceTree = "<group>"; };
		19C20B1827D787720087ABD5 /* UIEdgeInsets.swift */ = {isa = PBXFileReference; fileEncoding = 4; lastKnownFileType = sourcecode.swift; path = UIEdgeInsets.swift; sourceTree = "<group>"; };
		19C20B1B27D787720087ABD5 /* Double+String.swift */ = {isa = PBXFileReference; fileEncoding = 4; lastKnownFileType = sourcecode.swift; path = "Double+String.swift"; sourceTree = "<group>"; };
		19C20B1E27D787720087ABD5 /* Collection+SafeSubscript.swift */ = {isa = PBXFileReference; fileEncoding = 4; lastKnownFileType = sourcecode.swift; path = "Collection+SafeSubscript.swift"; sourceTree = "<group>"; };
		19C20B2027D787720087ABD5 /* Array+ToString.swift */ = {isa = PBXFileReference; fileEncoding = 4; lastKnownFileType = sourcecode.swift; path = "Array+ToString.swift"; sourceTree = "<group>"; };
		19C20B2227D787720087ABD5 /* Date+Components.swift */ = {isa = PBXFileReference; fileEncoding = 4; lastKnownFileType = sourcecode.swift; path = "Date+Components.swift"; sourceTree = "<group>"; };
		19C20B2427D787720087ABD5 /* Dictionary+StringFromHTTPParameters.swift */ = {isa = PBXFileReference; fileEncoding = 4; lastKnownFileType = sourcecode.swift; path = "Dictionary+StringFromHTTPParameters.swift"; sourceTree = "<group>"; };
		19C20B2527D787720087ABD5 /* Dictionary+ToString.swift */ = {isa = PBXFileReference; fileEncoding = 4; lastKnownFileType = sourcecode.swift; path = "Dictionary+ToString.swift"; sourceTree = "<group>"; };
		19C20B2727D787720087ABD5 /* String+RemoveWhiteSpaces.swift */ = {isa = PBXFileReference; fileEncoding = 4; lastKnownFileType = sourcecode.swift; path = "String+RemoveWhiteSpaces.swift"; sourceTree = "<group>"; };
		19C20B2827D787720087ABD5 /* String+Sizes.swift */ = {isa = PBXFileReference; fileEncoding = 4; lastKnownFileType = sourcecode.swift; path = "String+Sizes.swift"; sourceTree = "<group>"; };
		19C20B2927D787720087ABD5 /* String+Localized.swift */ = {isa = PBXFileReference; fileEncoding = 4; lastKnownFileType = sourcecode.swift; path = "String+Localized.swift"; sourceTree = "<group>"; };
		19C20B2A27D787720087ABD5 /* String+Mask.swift */ = {isa = PBXFileReference; fileEncoding = 4; lastKnownFileType = sourcecode.swift; path = "String+Mask.swift"; sourceTree = "<group>"; };
		19C20B2B27D787720087ABD5 /* String+HTMLAttributed.swift */ = {isa = PBXFileReference; fileEncoding = 4; lastKnownFileType = sourcecode.swift; path = "String+HTMLAttributed.swift"; sourceTree = "<group>"; };
		19C20B2C27D787720087ABD5 /* String+Capitalizing.swift */ = {isa = PBXFileReference; fileEncoding = 4; lastKnownFileType = sourcecode.swift; path = "String+Capitalizing.swift"; sourceTree = "<group>"; };
		19C20B2D27D787720087ABD5 /* String+Substring.swift */ = {isa = PBXFileReference; fileEncoding = 4; lastKnownFileType = sourcecode.swift; path = "String+Substring.swift"; sourceTree = "<group>"; };
		19C20B2E27D787720087ABD5 /* String+IsNumeric.swift */ = {isa = PBXFileReference; fileEncoding = 4; lastKnownFileType = sourcecode.swift; path = "String+IsNumeric.swift"; sourceTree = "<group>"; };
		19C20B2F27D787720087ABD5 /* String+Highlighted.swift */ = {isa = PBXFileReference; fileEncoding = 4; lastKnownFileType = sourcecode.swift; path = "String+Highlighted.swift"; sourceTree = "<group>"; };
		19C20B3027D787720087ABD5 /* String+Dictionary.swift */ = {isa = PBXFileReference; fileEncoding = 4; lastKnownFileType = sourcecode.swift; path = "String+Dictionary.swift"; sourceTree = "<group>"; };
		19C20BCB27D7899B0087ABD5 /* SJCenterFlowLayout.swift */ = {isa = PBXFileReference; fileEncoding = 4; lastKnownFileType = sourcecode.swift; path = SJCenterFlowLayout.swift; sourceTree = "<group>"; };
		19C20BCC27D7899B0087ABD5 /* CollectionCellConfigurator.swift */ = {isa = PBXFileReference; fileEncoding = 4; lastKnownFileType = sourcecode.swift; path = CollectionCellConfigurator.swift; sourceTree = "<group>"; };
		19C20BCD27D7899B0087ABD5 /* CollectionViewManagerInput.swift */ = {isa = PBXFileReference; fileEncoding = 4; lastKnownFileType = sourcecode.swift; path = CollectionViewManagerInput.swift; sourceTree = "<group>"; };
		19C20BCF27D7899B0087ABD5 /* DataConverterInput.swift */ = {isa = PBXFileReference; fileEncoding = 4; lastKnownFileType = sourcecode.swift; path = DataConverterInput.swift; sourceTree = "<group>"; };
		19C20BD027D7899B0087ABD5 /* CellConfigurator.swift */ = {isa = PBXFileReference; fileEncoding = 4; lastKnownFileType = sourcecode.swift; path = CellConfigurator.swift; sourceTree = "<group>"; };
		19C20BD127D7899B0087ABD5 /* Configurable.swift */ = {isa = PBXFileReference; fileEncoding = 4; lastKnownFileType = sourcecode.swift; path = Configurable.swift; sourceTree = "<group>"; };
		19C20BD227D7899B0087ABD5 /* CollectionDataConverterInput.swift */ = {isa = PBXFileReference; fileEncoding = 4; lastKnownFileType = sourcecode.swift; path = CollectionDataConverterInput.swift; sourceTree = "<group>"; };
		19C20BD327D7899B0087ABD5 /* Setupable.swift */ = {isa = PBXFileReference; fileEncoding = 4; lastKnownFileType = sourcecode.swift; path = Setupable.swift; sourceTree = "<group>"; };
		19C20BD427D7899B0087ABD5 /* Delegatable.swift */ = {isa = PBXFileReference; fileEncoding = 4; lastKnownFileType = sourcecode.swift; path = Delegatable.swift; sourceTree = "<group>"; };
		19C20BD627D7899B0087ABD5 /* TableHeaderFooterConfigurator.swift */ = {isa = PBXFileReference; fileEncoding = 4; lastKnownFileType = sourcecode.swift; path = TableHeaderFooterConfigurator.swift; sourceTree = "<group>"; };
		19C20BD727D7899B0087ABD5 /* TableCellConfigurator.swift */ = {isa = PBXFileReference; fileEncoding = 4; lastKnownFileType = sourcecode.swift; path = TableCellConfigurator.swift; sourceTree = "<group>"; };
		4D1879FD57F00FF4B6B22836 /* Pods_Awaker_debug.framework */ = {isa = PBXFileReference; explicitFileType = wrapper.framework; includeInIndex = 0; path = Pods_Awaker_debug.framework; sourceTree = BUILT_PRODUCTS_DIR; };
		62142B4683D5629263BA366D /* Pods-Awaker.debug.xcconfig */ = {isa = PBXFileReference; includeInIndex = 1; lastKnownFileType = text.xcconfig; name = "Pods-Awaker.debug.xcconfig"; path = "Target Support Files/Pods-Awaker/Pods-Awaker.debug.xcconfig"; sourceTree = "<group>"; };
		7A2F9B67D5129FDC4A9B6D6F /* Pods_Awaker.framework */ = {isa = PBXFileReference; explicitFileType = wrapper.framework; includeInIndex = 0; path = Pods_Awaker.framework; sourceTree = BUILT_PRODUCTS_DIR; };
		9B65834E6D02930D852C314C /* Pods-Awaker.release.xcconfig */ = {isa = PBXFileReference; includeInIndex = 1; lastKnownFileType = text.xcconfig; name = "Pods-Awaker.release.xcconfig"; path = "Target Support Files/Pods-Awaker/Pods-Awaker.release.xcconfig"; sourceTree = "<group>"; };
		DFBCAC2F27D380F300A58DDF /* Awaker.app */ = {isa = PBXFileReference; explicitFileType = wrapper.application; includeInIndex = 0; path = Awaker.app; sourceTree = BUILT_PRODUCTS_DIR; };
		DFBCAC3227D380F300A58DDF /* AppDelegate.swift */ = {isa = PBXFileReference; lastKnownFileType = sourcecode.swift; path = AppDelegate.swift; sourceTree = "<group>"; };
		DFBCAC3627D380F300A58DDF /* ViewController.swift */ = {isa = PBXFileReference; lastKnownFileType = sourcecode.swift; path = ViewController.swift; sourceTree = "<group>"; };
		DFBCAC3B27D380F400A58DDF /* Assets.xcassets */ = {isa = PBXFileReference; lastKnownFileType = folder.assetcatalog; path = Assets.xcassets; sourceTree = "<group>"; };
		DFBCAC3E27D380F400A58DDF /* Base */ = {isa = PBXFileReference; lastKnownFileType = file.storyboard; name = Base; path = Base.lproj/LaunchScreen.storyboard; sourceTree = "<group>"; };
		DFBCAC4027D380F400A58DDF /* Info.plist */ = {isa = PBXFileReference; lastKnownFileType = text.plist.xml; path = Info.plist; sourceTree = "<group>"; };
/* End PBXFileReference section */

/* Begin PBXFrameworksBuildPhase section */
		DFBCAC2C27D380F300A58DDF /* Frameworks */ = {
			isa = PBXFrameworksBuildPhase;
			buildActionMask = 2147483647;
			files = (
				19CE89FE27D4C98C00D310C7 /* Kingfisher in Frameworks */,
				669A4F81CE0A0D48A5F1FF04 /* Pods_Awaker.framework in Frameworks */,
			);
			runOnlyForDeploymentPostprocessing = 0;
		};
/* End PBXFrameworksBuildPhase section */

/* Begin PBXGroup section */
		193682BB27D64D9000BC6631 /* Submodules */ = {
			isa = PBXGroup;
			children = (
				19C20BC127D7899B0087ABD5 /* finchlists */,
				19C20AF627D787720087ABD5 /* finchextensions */,
				19C20AC427D7875E0087ABD5 /* finchcore */,
				19C20A8227D786600087ABD5 /* finchui */,
				193682BC27D64D9000BC6631 /* finchmoduletransitions */,
			);
			path = Submodules;
			sourceTree = "<group>";
		};
		193682BC27D64D9000BC6631 /* finchmoduletransitions */ = {
			isa = PBXGroup;
			children = (
				193682BE27D64D9000BC6631 /* FinchModuleTransitions */,
			);
			path = finchmoduletransitions;
			sourceTree = "<group>";
		};
		193682BE27D64D9000BC6631 /* FinchModuleTransitions */ = {
			isa = PBXGroup;
			children = (
				193682BF27D64D9000BC6631 /* Core */,
			);
			path = FinchModuleTransitions;
			sourceTree = "<group>";
		};
		193682BF27D64D9000BC6631 /* Core */ = {
			isa = PBXGroup;
			children = (
				193682C027D64D9000BC6631 /* Assembly.swift */,
				193682C127D64D9000BC6631 /* ModuleTransitionHandler.swift */,
				193682C227D64D9000BC6631 /* TransitionModel.swift */,
			);
			path = Core;
			sourceTree = "<group>";
		};
		193684A627D64E5A00BC6631 /* Common */ = {
			isa = PBXGroup;
			children = (
				193684A827D64E6800BC6631 /* DispatchQueue.swift */,
				193684A727D64E6100BC6631 /* Extensions */,
				193684B427D64EC000BC6631 /* Views */,
				193684B527D64EC400BC6631 /* Protocols */,
				193684B627D64ECA00BC6631 /* Error */,
			);
			path = Common;
			sourceTree = "<group>";
		};
		193684A727D64E6100BC6631 /* Extensions */ = {
			isa = PBXGroup;
			children = (
				193684AD27D64EBC00BC6631 /* UIStackView.swift */,
				193684AC27D64EBC00BC6631 /* UITableVIew+RegisterCell.swift */,
				193684AE27D64EBC00BC6631 /* UIVIew+Animations.swift */,
				193684AF27D64EBC00BC6631 /* UIViewController+StatusBar.swift */,
				193684AA27D64E7F00BC6631 /* NSObject.swift */,
			);
			path = Extensions;
			sourceTree = "<group>";
		};
		193684B427D64EC000BC6631 /* Views */ = {
			isa = PBXGroup;
			children = (
				193684B727D64ED900BC6631 /* KeyboardShowableViewController.swift */,
			);
			path = Views;
			sourceTree = "<group>";
		};
		193684B527D64EC400BC6631 /* Protocols */ = {
			isa = PBXGroup;
			children = (
				193684B927D64EE400BC6631 /* Alertable */,
				193684BE27D64EEA00BC6631 /* ViewOutput.swift */,
			);
			path = Protocols;
			sourceTree = "<group>";
		};
		193684B627D64ECA00BC6631 /* Error */ = {
			isa = PBXGroup;
			children = (
				193684C427D64F3700BC6631 /* ErrorModel.swift */,
				193684C327D64F3700BC6631 /* ErrorPlaceholder.swift */,
				193684C227D64F3700BC6631 /* ErrorPresentable.swift */,
			);
			path = Error;
			sourceTree = "<group>";
		};
		193684B927D64EE400BC6631 /* Alertable */ = {
			isa = PBXGroup;
			children = (
				193684BA27D64EE400BC6631 /* AlertAction.swift */,
				193684BB27D64EE400BC6631 /* Alertable.swift */,
			);
			path = Alertable;
			sourceTree = "<group>";
		};
		19C20A8227D786600087ABD5 /* finchui */ = {
			isa = PBXGroup;
			children = (
				19C20A8427D786600087ABD5 /* FinchUI */,
			);
			path = finchui;
			sourceTree = "<group>";
		};
		19C20A8427D786600087ABD5 /* FinchUI */ = {
			isa = PBXGroup;
			children = (
				19C20A8727D786600087ABD5 /* NiblessClasses */,
				19C20A9527D786600087ABD5 /* ButtonWithTouchArea */,
				19C20A9727D786600087ABD5 /* Extensions */,
				19C20A9927D786600087ABD5 /* Placeholder */,
			);
			path = FinchUI;
			sourceTree = "<group>";
		};
		19C20A8727D786600087ABD5 /* NiblessClasses */ = {
			isa = PBXGroup;
			children = (
				19C20A8827D786600087ABD5 /* NLSlider.swift */,
				19C20A8927D786600087ABD5 /* NLStackView.swift */,
				19C20A8A27D786600087ABD5 /* NLBarButtonItem.swift */,
				19C20A8B27D786600087ABD5 /* NiblessClasses.md */,
				19C20A8C27D786600087ABD5 /* NLPageViewController.swift */,
				19C20A8D27D786600087ABD5 /* NLButton.swift */,
				19C20A8E27D786600087ABD5 /* NLControl.swift */,
				19C20A8F27D786600087ABD5 /* NLTextField.swift */,
				19C20A9027D786600087ABD5 /* NLTableViewHeaderFooterView.swift */,
				19C20A9127D786600087ABD5 /* NLViewController.swift */,
				19C20A9227D786600087ABD5 /* NLTableViewCell.swift */,
				19C20A9327D786600087ABD5 /* NLView.swift */,
				19C20A9427D786600087ABD5 /* NLCollectionViewCell.swift */,
			);
			path = NiblessClasses;
			sourceTree = "<group>";
		};
		19C20A9527D786600087ABD5 /* ButtonWithTouchArea */ = {
			isa = PBXGroup;
			children = (
				19C20A9627D786600087ABD5 /* ButtonWithTouchArea.swift */,
			);
			path = ButtonWithTouchArea;
			sourceTree = "<group>";
		};
		19C20A9727D786600087ABD5 /* Extensions */ = {
			isa = PBXGroup;
			children = (
				19C20A9827D786600087ABD5 /* String + Size.swift */,
			);
			path = Extensions;
			sourceTree = "<group>";
		};
		19C20A9927D786600087ABD5 /* Placeholder */ = {
			isa = PBXGroup;
			children = (
				19C20A9A27D786600087ABD5 /* PlaceholderView.swift */,
				19C20A9B27D786600087ABD5 /* PlaceholderAssets.xcassets */,
			);
			path = Placeholder;
			sourceTree = "<group>";
		};
		19C20AC427D7875E0087ABD5 /* finchcore */ = {
			isa = PBXGroup;
			children = (
				19C20ACD27D7875E0087ABD5 /* FinchCore */,
			);
			path = finchcore;
			sourceTree = "<group>";
		};
		19C20ACD27D7875E0087ABD5 /* FinchCore */ = {
			isa = PBXGroup;
			children = (
				19C20ACE27D7875E0087ABD5 /* Core */,
			);
			path = FinchCore;
			sourceTree = "<group>";
		};
		19C20ACE27D7875E0087ABD5 /* Core */ = {
			isa = PBXGroup;
			children = (
				19C20ACF27D7875E0087ABD5 /* InternetConnectionReachability */,
				19C20ADA27D7875E0087ABD5 /* Notifications */,
			);
			path = Core;
			sourceTree = "<group>";
		};
		19C20ACF27D7875E0087ABD5 /* InternetConnectionReachability */ = {
			isa = PBXGroup;
			children = (
				19C20AD027D7875E0087ABD5 /* InternetConnectionReachability.swift */,
				19C20AD127D7875E0087ABD5 /* InternetConnectionReachabilityHandler.swift */,
				19C20AD227D7875E0087ABD5 /* InternetConnectionReachabilityCenter.swift */,
			);
			path = InternetConnectionReachability;
			sourceTree = "<group>";
		};
		19C20ADA27D7875E0087ABD5 /* Notifications */ = {
			isa = PBXGroup;
			children = (
				19C20ADB27D7875E0087ABD5 /* Notifications.swift */,
			);
			path = Notifications;
			sourceTree = "<group>";
		};
		19C20AF627D787720087ABD5 /* finchextensions */ = {
			isa = PBXGroup;
			children = (
				19C20AFB27D787720087ABD5 /* FinchExtensions */,
			);
			path = finchextensions;
			sourceTree = "<group>";
		};
		19C20AFB27D787720087ABD5 /* FinchExtensions */ = {
			isa = PBXGroup;
			children = (
				19C20AFE27D787720087ABD5 /* Extensions */,
			);
			path = FinchExtensions;
			sourceTree = "<group>";
		};
		19C20AFE27D787720087ABD5 /* Extensions */ = {
			isa = PBXGroup;
			children = (
				19C20AFF27D787720087ABD5 /* CoreGraphics */,
				19C20B0227D787720087ABD5 /* UIKit */,
				19C20B1927D787720087ABD5 /* Foundation */,
				19C20B1C27D787720087ABD5 /* Swift */,
			);
			path = Extensions;
			sourceTree = "<group>";
		};
		19C20AFF27D787720087ABD5 /* CoreGraphics */ = {
			isa = PBXGroup;
			children = (
				19C20B0027D787720087ABD5 /* CGFloat */,
			);
			path = CoreGraphics;
			sourceTree = "<group>";
		};
		19C20B0027D787720087ABD5 /* CGFloat */ = {
			isa = PBXGroup;
			children = (
				19C20B0127D787720087ABD5 /* CGFloat+Radians.swift */,
			);
			path = CGFloat;
			sourceTree = "<group>";
		};
		19C20B0227D787720087ABD5 /* UIKit */ = {
			isa = PBXGroup;
			children = (
				19C20B0327D787720087ABD5 /* UIImage */,
				19C20B0527D787720087ABD5 /* UIScreen */,
				19C20B0727D787720087ABD5 /* UIApplication */,
				19C20B0927D787720087ABD5 /* UIButton */,
				19C20B0B27D787720087ABD5 /* UIColor */,
				19C20B0D27D787720087ABD5 /* UIView */,
				19C20B1027D787720087ABD5 /* UICollectionView */,
				19C20B1227D787720087ABD5 /* UIViewController */,
				19C20B1527D787720087ABD5 /* UIStackView */,
				19C20B1727D787720087ABD5 /* UIEdgeInsets */,
			);
			path = UIKit;
			sourceTree = "<group>";
		};
		19C20B0327D787720087ABD5 /* UIImage */ = {
			isa = PBXGroup;
			children = (
				19C20B0427D787720087ABD5 /* UIImage + Additionals.swift */,
			);
			path = UIImage;
			sourceTree = "<group>";
		};
		19C20B0527D787720087ABD5 /* UIScreen */ = {
			isa = PBXGroup;
			children = (
				19C20B0627D787720087ABD5 /* UIScreen+Type.swift */,
			);
			path = UIScreen;
			sourceTree = "<group>";
		};
		19C20B0727D787720087ABD5 /* UIApplication */ = {
			isa = PBXGroup;
			children = (
				19C20B0827D787720087ABD5 /* UIApplication+AppVersion.swift */,
			);
			path = UIApplication;
			sourceTree = "<group>";
		};
		19C20B0927D787720087ABD5 /* UIButton */ = {
			isa = PBXGroup;
			children = (
				19C20B0A27D787720087ABD5 /* UIButton+BackgroundColor.swift */,
			);
			path = UIButton;
			sourceTree = "<group>";
		};
		19C20B0B27D787720087ABD5 /* UIColor */ = {
			isa = PBXGroup;
			children = (
				19C20B0C27D787720087ABD5 /* UIColor+Hex.swift */,
			);
			path = UIColor;
			sourceTree = "<group>";
		};
		19C20B0D27D787720087ABD5 /* UIView */ = {
			isa = PBXGroup;
			children = (
				19C20B0E27D787720087ABD5 /* UIView+AddSubViews.swift */,
				19C20B0F27D787720087ABD5 /* UIView+DisableAutoResMaskForSubviews.swift */,
			);
			path = UIView;
			sourceTree = "<group>";
		};
		19C20B1027D787720087ABD5 /* UICollectionView */ = {
			isa = PBXGroup;
			children = (
				19C20B1127D787720087ABD5 /* UICollectionView.swift */,
			);
			path = UICollectionView;
			sourceTree = "<group>";
		};
		19C20B1227D787720087ABD5 /* UIViewController */ = {
			isa = PBXGroup;
			children = (
				19C20B1327D787720087ABD5 /* UIViewController+Modal.swift */,
				19C20B1427D787720087ABD5 /* UIViewController + Navigation.swift */,
			);
			path = UIViewController;
			sourceTree = "<group>";
		};
		19C20B1527D787720087ABD5 /* UIStackView */ = {
			isa = PBXGroup;
			children = (
				19C20B1627D787720087ABD5 /* UIStackView+AddMultipleViewsToStack.swift */,
			);
			path = UIStackView;
			sourceTree = "<group>";
		};
		19C20B1727D787720087ABD5 /* UIEdgeInsets */ = {
			isa = PBXGroup;
			children = (
				19C20B1827D787720087ABD5 /* UIEdgeInsets.swift */,
			);
			path = UIEdgeInsets;
			sourceTree = "<group>";
		};
		19C20B1927D787720087ABD5 /* Foundation */ = {
			isa = PBXGroup;
			children = (
				19C20B1A27D787720087ABD5 /* Double */,
			);
			path = Foundation;
			sourceTree = "<group>";
		};
		19C20B1A27D787720087ABD5 /* Double */ = {
			isa = PBXGroup;
			children = (
				19C20B1B27D787720087ABD5 /* Double+String.swift */,
			);
			path = Double;
			sourceTree = "<group>";
		};
		19C20B1C27D787720087ABD5 /* Swift */ = {
			isa = PBXGroup;
			children = (
				19C20B1D27D787720087ABD5 /* Collection */,
				19C20B1F27D787720087ABD5 /* Array */,
				19C20B2127D787720087ABD5 /* Date */,
				19C20B2327D787720087ABD5 /* Dictionary */,
				19C20B2627D787720087ABD5 /* String */,
			);
			path = Swift;
			sourceTree = "<group>";
		};
		19C20B1D27D787720087ABD5 /* Collection */ = {
			isa = PBXGroup;
			children = (
				19C20B1E27D787720087ABD5 /* Collection+SafeSubscript.swift */,
			);
			path = Collection;
			sourceTree = "<group>";
		};
		19C20B1F27D787720087ABD5 /* Array */ = {
			isa = PBXGroup;
			children = (
				19C20B2027D787720087ABD5 /* Array+ToString.swift */,
			);
			path = Array;
			sourceTree = "<group>";
		};
		19C20B2127D787720087ABD5 /* Date */ = {
			isa = PBXGroup;
			children = (
				19C20B2227D787720087ABD5 /* Date+Components.swift */,
			);
			path = Date;
			sourceTree = "<group>";
		};
		19C20B2327D787720087ABD5 /* Dictionary */ = {
			isa = PBXGroup;
			children = (
				19C20B2427D787720087ABD5 /* Dictionary+StringFromHTTPParameters.swift */,
				19C20B2527D787720087ABD5 /* Dictionary+ToString.swift */,
			);
			path = Dictionary;
			sourceTree = "<group>";
		};
		19C20B2627D787720087ABD5 /* String */ = {
			isa = PBXGroup;
			children = (
				19C20B2727D787720087ABD5 /* String+RemoveWhiteSpaces.swift */,
				19C20B2827D787720087ABD5 /* String+Sizes.swift */,
				19C20B2927D787720087ABD5 /* String+Localized.swift */,
				19C20B2A27D787720087ABD5 /* String+Mask.swift */,
				19C20B2B27D787720087ABD5 /* String+HTMLAttributed.swift */,
				19C20B2C27D787720087ABD5 /* String+Capitalizing.swift */,
				19C20B2D27D787720087ABD5 /* String+Substring.swift */,
				19C20B2E27D787720087ABD5 /* String+IsNumeric.swift */,
				19C20B2F27D787720087ABD5 /* String+Highlighted.swift */,
				19C20B3027D787720087ABD5 /* String+Dictionary.swift */,
			);
			path = String;
			sourceTree = "<group>";
		};
		19C20BC127D7899B0087ABD5 /* finchlists */ = {
			isa = PBXGroup;
			children = (
				19C20BC727D7899B0087ABD5 /* FinchLists */,
			);
			path = finchlists;
			sourceTree = "<group>";
		};
		19C20BC727D7899B0087ABD5 /* FinchLists */ = {
			isa = PBXGroup;
			children = (
				19C20BC827D7899B0087ABD5 /* Lists */,
			);
			path = FinchLists;
			sourceTree = "<group>";
		};
		19C20BC827D7899B0087ABD5 /* Lists */ = {
			isa = PBXGroup;
			children = (
				19C20BC927D7899B0087ABD5 /* UICollectionView */,
				19C20BCE27D7899B0087ABD5 /* Common */,
				19C20BD527D7899B0087ABD5 /* UITableVIew */,
			);
			path = Lists;
			sourceTree = "<group>";
		};
		19C20BC927D7899B0087ABD5 /* UICollectionView */ = {
			isa = PBXGroup;
			children = (
				19C20BCA27D7899B0087ABD5 /* FlowLayouts */,
				19C20BCC27D7899B0087ABD5 /* CollectionCellConfigurator.swift */,
				19C20BCD27D7899B0087ABD5 /* CollectionViewManagerInput.swift */,
			);
			path = UICollectionView;
			sourceTree = "<group>";
		};
		19C20BCA27D7899B0087ABD5 /* FlowLayouts */ = {
			isa = PBXGroup;
			children = (
				19C20BCB27D7899B0087ABD5 /* SJCenterFlowLayout.swift */,
			);
			path = FlowLayouts;
			sourceTree = "<group>";
		};
		19C20BCE27D7899B0087ABD5 /* Common */ = {
			isa = PBXGroup;
			children = (
				19C20BCF27D7899B0087ABD5 /* DataConverterInput.swift */,
				19C20BD027D7899B0087ABD5 /* CellConfigurator.swift */,
				19C20BD127D7899B0087ABD5 /* Configurable.swift */,
				19C20BD227D7899B0087ABD5 /* CollectionDataConverterInput.swift */,
				19C20BD327D7899B0087ABD5 /* Setupable.swift */,
				19C20BD427D7899B0087ABD5 /* Delegatable.swift */,
			);
			path = Common;
			sourceTree = "<group>";
		};
		19C20BD527D7899B0087ABD5 /* UITableVIew */ = {
			isa = PBXGroup;
			children = (
				19C20BD627D7899B0087ABD5 /* TableHeaderFooterConfigurator.swift */,
				19C20BD727D7899B0087ABD5 /* TableCellConfigurator.swift */,
			);
			path = UITableVIew;
			sourceTree = "<group>";
		};
		2290712064A9DDE700C957AC /* Pods */ = {
			isa = PBXGroup;
			children = (
				62142B4683D5629263BA366D /* Pods-Awaker.debug.xcconfig */,
				9B65834E6D02930D852C314C /* Pods-Awaker.release.xcconfig */,
			);
			path = Pods;
			sourceTree = "<group>";
		};
		23958B11DCA62321227F1394 /* Frameworks */ = {
			isa = PBXGroup;
			children = (
				4D1879FD57F00FF4B6B22836 /* Pods_Awaker_debug.framework */,
				7A2F9B67D5129FDC4A9B6D6F /* Pods_Awaker.framework */,
			);
			name = Frameworks;
			sourceTree = "<group>";
		};
		DFBCAC2627D380F300A58DDF = {
			isa = PBXGroup;
			children = (
				DFBCAC3127D380F300A58DDF /* Awaker */,
				DFBCAC3027D380F300A58DDF /* Products */,
				2290712064A9DDE700C957AC /* Pods */,
				23958B11DCA62321227F1394 /* Frameworks */,
				193682BB27D64D9000BC6631 /* Submodules */,
			);
			sourceTree = "<group>";
		};
		DFBCAC3027D380F300A58DDF /* Products */ = {
			isa = PBXGroup;
			children = (
				DFBCAC2F27D380F300A58DDF /* Awaker.app */,
			);
			name = Products;
			sourceTree = "<group>";
		};
		DFBCAC3127D380F300A58DDF /* Awaker */ = {
			isa = PBXGroup;
			children = (
				193684A627D64E5A00BC6631 /* Common */,
				DFBCAC3227D380F300A58DDF /* AppDelegate.swift */,
				DFBCAC3627D380F300A58DDF /* ViewController.swift */,
				DFBCAC3B27D380F400A58DDF /* Assets.xcassets */,
				DFBCAC3D27D380F400A58DDF /* LaunchScreen.storyboard */,
				19C20A3E27D775350087ABD5 /* R.generated.swift */,
				DFBCAC4027D380F400A58DDF /* Info.plist */,
			);
			path = Awaker;
			sourceTree = "<group>";
		};
/* End PBXGroup section */

/* Begin PBXNativeTarget section */
		DFBCAC2E27D380F300A58DDF /* Awaker */ = {
			isa = PBXNativeTarget;
			buildConfigurationList = DFBCAC4327D380F400A58DDF /* Build configuration list for PBXNativeTarget "Awaker" */;
			buildPhases = (
				004314CE7EDC3FC9BF21D3BA /* [CP] Check Pods Manifest.lock */,
				19C20A3D27D7750C0087ABD5 /* ShellScript */,
				DFBCAC2B27D380F300A58DDF /* Sources */,
				DFBCAC2C27D380F300A58DDF /* Frameworks */,
				DFBCAC2D27D380F300A58DDF /* Resources */,
				3D2A32D359EE9A9540619AA7 /* [CP] Embed Pods Frameworks */,
			);
			buildRules = (
			);
			dependencies = (
			);
			name = Awaker;
			packageProductDependencies = (
				19CE89FD27D4C98C00D310C7 /* Kingfisher */,
			);
			productName = Awaker;
			productReference = DFBCAC2F27D380F300A58DDF /* Awaker.app */;
			productType = "com.apple.product-type.application";
		};
/* End PBXNativeTarget section */

/* Begin PBXProject section */
		DFBCAC2727D380F300A58DDF /* Project object */ = {
			isa = PBXProject;
			attributes = {
				BuildIndependentTargetsInParallel = 1;
				LastSwiftUpdateCheck = 1320;
				LastUpgradeCheck = 1320;
				TargetAttributes = {
					DFBCAC2E27D380F300A58DDF = {
						CreatedOnToolsVersion = 13.2;
					};
				};
			};
			buildConfigurationList = DFBCAC2A27D380F300A58DDF /* Build configuration list for PBXProject "Awaker" */;
			compatibilityVersion = "Xcode 13.0";
			developmentRegion = en;
			hasScannedForEncodings = 0;
			knownRegions = (
				en,
				Base,
			);
			mainGroup = DFBCAC2627D380F300A58DDF;
			packageReferences = (
				19CE89FC27D4C98C00D310C7 /* XCRemoteSwiftPackageReference "Kingfisher" */,
			);
			productRefGroup = DFBCAC3027D380F300A58DDF /* Products */;
			projectDirPath = "";
			projectRoot = "";
			targets = (
				DFBCAC2E27D380F300A58DDF /* Awaker */,
			);
		};
/* End PBXProject section */

/* Begin PBXResourcesBuildPhase section */
		DFBCAC2D27D380F300A58DDF /* Resources */ = {
			isa = PBXResourcesBuildPhase;
			buildActionMask = 2147483647;
			files = (
				19C20ABC27D786600087ABD5 /* PlaceholderAssets.xcassets in Resources */,
				DFBCAC3F27D380F400A58DDF /* LaunchScreen.storyboard in Resources */,
				19C20AAF27D786600087ABD5 /* NiblessClasses.md in Resources */,
				DFBCAC3C27D380F400A58DDF /* Assets.xcassets in Resources */,
			);
			runOnlyForDeploymentPostprocessing = 0;
		};
/* End PBXResourcesBuildPhase section */

/* Begin PBXShellScriptBuildPhase section */
		004314CE7EDC3FC9BF21D3BA /* [CP] Check Pods Manifest.lock */ = {
			isa = PBXShellScriptBuildPhase;
			buildActionMask = 2147483647;
			files = (
			);
			inputFileListPaths = (
			);
			inputPaths = (
				"${PODS_PODFILE_DIR_PATH}/Podfile.lock",
				"${PODS_ROOT}/Manifest.lock",
			);
			name = "[CP] Check Pods Manifest.lock";
			outputFileListPaths = (
			);
			outputPaths = (
				"$(DERIVED_FILE_DIR)/Pods-Awaker-checkManifestLockResult.txt",
			);
			runOnlyForDeploymentPostprocessing = 0;
			shellPath = /bin/sh;
			shellScript = "diff \"${PODS_PODFILE_DIR_PATH}/Podfile.lock\" \"${PODS_ROOT}/Manifest.lock\" > /dev/null\nif [ $? != 0 ] ; then\n    # print error to STDERR\n    echo \"error: The sandbox is not in sync with the Podfile.lock. Run 'pod install' or update your CocoaPods installation.\" >&2\n    exit 1\nfi\n# This output is used by Xcode 'outputs' to avoid re-running this script phase.\necho \"SUCCESS\" > \"${SCRIPT_OUTPUT_FILE_0}\"\n";
			showEnvVarsInLog = 0;
		};
		19C20A3D27D7750C0087ABD5 /* ShellScript */ = {
			isa = PBXShellScriptBuildPhase;
			alwaysOutOfDate = 1;
			buildActionMask = 2147483647;
			files = (
			);
			inputFileListPaths = (
			);
			inputPaths = (
			);
			outputFileListPaths = (
			);
			outputPaths = (
				$SRCROOT/R.generated.swift,
			);
			runOnlyForDeploymentPostprocessing = 0;
			shellPath = /bin/sh;
			shellScript = "# Type a script or drag a script file from your workspace to insert its path.\n\"$PODS_ROOT/R.swift/rswift\" generate \"$SRCROOT/R.generated.swift\"\n";
		};
		3D2A32D359EE9A9540619AA7 /* [CP] Embed Pods Frameworks */ = {
			isa = PBXShellScriptBuildPhase;
			buildActionMask = 2147483647;
			files = (
			);
			inputFileListPaths = (
				"${PODS_ROOT}/Target Support Files/Pods-Awaker/Pods-Awaker-frameworks-${CONFIGURATION}-input-files.xcfilelist",
			);
			name = "[CP] Embed Pods Frameworks";
			outputFileListPaths = (
				"${PODS_ROOT}/Target Support Files/Pods-Awaker/Pods-Awaker-frameworks-${CONFIGURATION}-output-files.xcfilelist",
			);
			runOnlyForDeploymentPostprocessing = 0;
			shellPath = /bin/sh;
			shellScript = "\"${PODS_ROOT}/Target Support Files/Pods-Awaker/Pods-Awaker-frameworks.sh\"\n";
			showEnvVarsInLog = 0;
		};
/* End PBXShellScriptBuildPhase section */

/* Begin PBXSourcesBuildPhase section */
		DFBCAC2B27D380F300A58DDF /* Sources */ = {
			isa = PBXSourcesBuildPhase;
			buildActionMask = 2147483647;
			files = (
				19C20AB527D786600087ABD5 /* NLViewController.swift in Sources */,
				19C20B5827D787720087ABD5 /* String+Mask.swift in Sources */,
				19C20BE927D7899C0087ABD5 /* Setupable.swift in Sources */,
				DFBCAC3727D380F300A58DDF /* ViewController.swift in Sources */,
				1936838527D64D9100BC6631 /* Assembly.swift in Sources */,
				19C20AB627D786600087ABD5 /* NLTableViewCell.swift in Sources */,
				19C20B4627D787720087ABD5 /* UIButton+BackgroundColor.swift in Sources */,
				19C20B4A27D787720087ABD5 /* UICollectionView.swift in Sources */,
				19C20B4927D787720087ABD5 /* UIView+DisableAutoResMaskForSubviews.swift in Sources */,
				19C20B4727D787720087ABD5 /* UIColor+Hex.swift in Sources */,
				DFBCAC3327D380F300A58DDF /* AppDelegate.swift in Sources */,
				193684B127D64EBC00BC6631 /* UIStackView.swift in Sources */,
				19C20BEB27D7899C0087ABD5 /* TableHeaderFooterConfigurator.swift in Sources */,
				19C20B4D27D787720087ABD5 /* UIStackView+AddMultipleViewsToStack.swift in Sources */,
				19C20BE627D7899C0087ABD5 /* CellConfigurator.swift in Sources */,
				19C20B4F27D787720087ABD5 /* Double+String.swift in Sources */,
				19C20B4E27D787720087ABD5 /* UIEdgeInsets.swift in Sources */,
				19C20B4227D787720087ABD5 /* CGFloat+Radians.swift in Sources */,
				1936838727D64D9100BC6631 /* TransitionModel.swift in Sources */,
				19C20BEA27D7899C0087ABD5 /* Delegatable.swift in Sources */,
				19C20BE727D7899C0087ABD5 /* Configurable.swift in Sources */,
				19C20B4C27D787720087ABD5 /* UIViewController + Navigation.swift in Sources */,
				193684B027D64EBC00BC6631 /* UITableVIew+RegisterCell.swift in Sources */,
				19C20BE327D7899C0087ABD5 /* CollectionCellConfigurator.swift in Sources */,
				193684A927D64E6800BC6631 /* DispatchQueue.swift in Sources */,
				19C20ABA27D786600087ABD5 /* String + Size.swift in Sources */,
				19C20B5B27D787720087ABD5 /* String+Substring.swift in Sources */,
				19C20AEA27D7875E0087ABD5 /* InternetConnectionReachabilityHandler.swift in Sources */,
				19C20B5227D787720087ABD5 /* Date+Components.swift in Sources */,
				19C20AB927D786600087ABD5 /* ButtonWithTouchArea.swift in Sources */,
				193684B327D64EBC00BC6631 /* UIViewController+StatusBar.swift in Sources */,
				1936838627D64D9100BC6631 /* ModuleTransitionHandler.swift in Sources */,
				19C20B4527D787720087ABD5 /* UIApplication+AppVersion.swift in Sources */,
				193684B827D64ED900BC6631 /* KeyboardShowableViewController.swift in Sources */,
				193684C627D64F3700BC6631 /* ErrorPlaceholder.swift in Sources */,
				193684C027D64EEA00BC6631 /* ViewOutput.swift in Sources */,
				19C20AB427D786600087ABD5 /* NLTableViewHeaderFooterView.swift in Sources */,
				193684C527D64F3700BC6631 /* ErrorPresentable.swift in Sources */,
				19C20B5C27D787720087ABD5 /* String+IsNumeric.swift in Sources */,
				19C20AAD27D786600087ABD5 /* NLStackView.swift in Sources */,
				19C20B5D27D787720087ABD5 /* String+Highlighted.swift in Sources */,
				19C20AAC27D786600087ABD5 /* NLSlider.swift in Sources */,
				19C20B4327D787720087ABD5 /* UIImage + Additionals.swift in Sources */,
				19C20B4B27D787720087ABD5 /* UIViewController+Modal.swift in Sources */,
				193684B227D64EBC00BC6631 /* UIVIew+Animations.swift in Sources */,
				19C20BE527D7899C0087ABD5 /* DataConverterInput.swift in Sources */,
				19C20AB227D786600087ABD5 /* NLControl.swift in Sources */,
				19C20B5927D787720087ABD5 /* String+HTMLAttributed.swift in Sources */,
				19C20B5627D787720087ABD5 /* String+Sizes.swift in Sources */,
				19C20AB327D786600087ABD5 /* NLTextField.swift in Sources */,
				19C20AF227D7875E0087ABD5 /* Notifications.swift in Sources */,
				19C20AB827D786600087ABD5 /* NLCollectionViewCell.swift in Sources */,
				19C20B5427D787720087ABD5 /* Dictionary+ToString.swift in Sources */,
				19C20B4827D787720087ABD5 /* UIView+AddSubViews.swift in Sources */,
				193684BC27D64EE400BC6631 /* AlertAction.swift in Sources */,
				193684AB27D64E7F00BC6631 /* NSObject.swift in Sources */,
				19C20B5A27D787720087ABD5 /* String+Capitalizing.swift in Sources */,
				19C20AB027D786600087ABD5 /* NLPageViewController.swift in Sources */,
				19C20BE227D7899C0087ABD5 /* SJCenterFlowLayout.swift in Sources */,
				19C20B4427D787720087ABD5 /* UIScreen+Type.swift in Sources */,
				193684C727D64F3700BC6631 /* ErrorModel.swift in Sources */,
				19C20AE927D7875E0087ABD5 /* InternetConnectionReachability.swift in Sources */,
				19C20B5127D787720087ABD5 /* Array+ToString.swift in Sources */,
				19C20AB127D786600087ABD5 /* NLButton.swift in Sources */,
				19C20A3F27D775350087ABD5 /* R.generated.swift in Sources */,
				19C20AAE27D786600087ABD5 /* NLBarButtonItem.swift in Sources */,
				19C20B5527D787720087ABD5 /* String+RemoveWhiteSpaces.swift in Sources */,
				19C20BEC27D7899C0087ABD5 /* TableCellConfigurator.swift in Sources */,
				19C20B5027D787720087ABD5 /* Collection+SafeSubscript.swift in Sources */,
				19C20B5727D787720087ABD5 /* String+Localized.swift in Sources */,
				19C20B5E27D787720087ABD5 /* String+Dictionary.swift in Sources */,
				19C20BE827D7899C0087ABD5 /* CollectionDataConverterInput.swift in Sources */,
				19C20AEB27D7875E0087ABD5 /* InternetConnectionReachabilityCenter.swift in Sources */,
				19C20B5327D787720087ABD5 /* Dictionary+StringFromHTTPParameters.swift in Sources */,
				19C20BE427D7899C0087ABD5 /* CollectionViewManagerInput.swift in Sources */,
				19C20AB727D786600087ABD5 /* NLView.swift in Sources */,
				19C20ABB27D786600087ABD5 /* PlaceholderView.swift in Sources */,
				193684BD27D64EE400BC6631 /* Alertable.swift in Sources */,
			);
			runOnlyForDeploymentPostprocessing = 0;
		};
/* End PBXSourcesBuildPhase section */

/* Begin PBXVariantGroup section */
		DFBCAC3D27D380F400A58DDF /* LaunchScreen.storyboard */ = {
			isa = PBXVariantGroup;
			children = (
				DFBCAC3E27D380F400A58DDF /* Base */,
			);
			name = LaunchScreen.storyboard;
			sourceTree = "<group>";
		};
/* End PBXVariantGroup section */

/* Begin XCBuildConfiguration section */
		DFBCAC4127D380F400A58DDF /* Debug */ = {
			isa = XCBuildConfiguration;
			buildSettings = {
				ALWAYS_SEARCH_USER_PATHS = NO;
				CLANG_ANALYZER_NONNULL = YES;
				CLANG_ANALYZER_NUMBER_OBJECT_CONVERSION = YES_AGGRESSIVE;
				CLANG_CXX_LANGUAGE_STANDARD = "gnu++17";
				CLANG_CXX_LIBRARY = "libc++";
				CLANG_ENABLE_MODULES = YES;
				CLANG_ENABLE_OBJC_ARC = YES;
				CLANG_ENABLE_OBJC_WEAK = YES;
				CLANG_WARN_BLOCK_CAPTURE_AUTORELEASING = YES;
				CLANG_WARN_BOOL_CONVERSION = YES;
				CLANG_WARN_COMMA = YES;
				CLANG_WARN_CONSTANT_CONVERSION = YES;
				CLANG_WARN_DEPRECATED_OBJC_IMPLEMENTATIONS = YES;
				CLANG_WARN_DIRECT_OBJC_ISA_USAGE = YES_ERROR;
				CLANG_WARN_DOCUMENTATION_COMMENTS = YES;
				CLANG_WARN_EMPTY_BODY = YES;
				CLANG_WARN_ENUM_CONVERSION = YES;
				CLANG_WARN_INFINITE_RECURSION = YES;
				CLANG_WARN_INT_CONVERSION = YES;
				CLANG_WARN_NON_LITERAL_NULL_CONVERSION = YES;
				CLANG_WARN_OBJC_IMPLICIT_RETAIN_SELF = YES;
				CLANG_WARN_OBJC_LITERAL_CONVERSION = YES;
				CLANG_WARN_OBJC_ROOT_CLASS = YES_ERROR;
				CLANG_WARN_QUOTED_INCLUDE_IN_FRAMEWORK_HEADER = YES;
				CLANG_WARN_RANGE_LOOP_ANALYSIS = YES;
				CLANG_WARN_STRICT_PROTOTYPES = YES;
				CLANG_WARN_SUSPICIOUS_MOVE = YES;
				CLANG_WARN_UNGUARDED_AVAILABILITY = YES_AGGRESSIVE;
				CLANG_WARN_UNREACHABLE_CODE = YES;
				CLANG_WARN__DUPLICATE_METHOD_MATCH = YES;
				COPY_PHASE_STRIP = NO;
				DEBUG_INFORMATION_FORMAT = dwarf;
				ENABLE_STRICT_OBJC_MSGSEND = YES;
				ENABLE_TESTABILITY = YES;
				GCC_C_LANGUAGE_STANDARD = gnu11;
				GCC_DYNAMIC_NO_PIC = NO;
				GCC_NO_COMMON_BLOCKS = YES;
				GCC_OPTIMIZATION_LEVEL = 0;
				GCC_PREPROCESSOR_DEFINITIONS = (
					"DEBUG=1",
					"$(inherited)",
				);
				GCC_WARN_64_TO_32_BIT_CONVERSION = YES;
				GCC_WARN_ABOUT_RETURN_TYPE = YES_ERROR;
				GCC_WARN_UNDECLARED_SELECTOR = YES;
				GCC_WARN_UNINITIALIZED_AUTOS = YES_AGGRESSIVE;
				GCC_WARN_UNUSED_FUNCTION = YES;
				GCC_WARN_UNUSED_VARIABLE = YES;
				IPHONEOS_DEPLOYMENT_TARGET = 13.0;
				MTL_ENABLE_DEBUG_INFO = INCLUDE_SOURCE;
				MTL_FAST_MATH = YES;
				ONLY_ACTIVE_ARCH = YES;
				SDKROOT = iphoneos;
				SWIFT_ACTIVE_COMPILATION_CONDITIONS = DEBUG;
				SWIFT_OPTIMIZATION_LEVEL = "-Onone";
			};
			name = Debug;
		};
		DFBCAC4227D380F400A58DDF /* Release */ = {
			isa = XCBuildConfiguration;
			buildSettings = {
				ALWAYS_SEARCH_USER_PATHS = NO;
				CLANG_ANALYZER_NONNULL = YES;
				CLANG_ANALYZER_NUMBER_OBJECT_CONVERSION = YES_AGGRESSIVE;
				CLANG_CXX_LANGUAGE_STANDARD = "gnu++17";
				CLANG_CXX_LIBRARY = "libc++";
				CLANG_ENABLE_MODULES = YES;
				CLANG_ENABLE_OBJC_ARC = YES;
				CLANG_ENABLE_OBJC_WEAK = YES;
				CLANG_WARN_BLOCK_CAPTURE_AUTORELEASING = YES;
				CLANG_WARN_BOOL_CONVERSION = YES;
				CLANG_WARN_COMMA = YES;
				CLANG_WARN_CONSTANT_CONVERSION = YES;
				CLANG_WARN_DEPRECATED_OBJC_IMPLEMENTATIONS = YES;
				CLANG_WARN_DIRECT_OBJC_ISA_USAGE = YES_ERROR;
				CLANG_WARN_DOCUMENTATION_COMMENTS = YES;
				CLANG_WARN_EMPTY_BODY = YES;
				CLANG_WARN_ENUM_CONVERSION = YES;
				CLANG_WARN_INFINITE_RECURSION = YES;
				CLANG_WARN_INT_CONVERSION = YES;
				CLANG_WARN_NON_LITERAL_NULL_CONVERSION = YES;
				CLANG_WARN_OBJC_IMPLICIT_RETAIN_SELF = YES;
				CLANG_WARN_OBJC_LITERAL_CONVERSION = YES;
				CLANG_WARN_OBJC_ROOT_CLASS = YES_ERROR;
				CLANG_WARN_QUOTED_INCLUDE_IN_FRAMEWORK_HEADER = YES;
				CLANG_WARN_RANGE_LOOP_ANALYSIS = YES;
				CLANG_WARN_STRICT_PROTOTYPES = YES;
				CLANG_WARN_SUSPICIOUS_MOVE = YES;
				CLANG_WARN_UNGUARDED_AVAILABILITY = YES_AGGRESSIVE;
				CLANG_WARN_UNREACHABLE_CODE = YES;
				CLANG_WARN__DUPLICATE_METHOD_MATCH = YES;
				COPY_PHASE_STRIP = NO;
				DEBUG_INFORMATION_FORMAT = "dwarf-with-dsym";
				ENABLE_NS_ASSERTIONS = NO;
				ENABLE_STRICT_OBJC_MSGSEND = YES;
				GCC_C_LANGUAGE_STANDARD = gnu11;
				GCC_NO_COMMON_BLOCKS = YES;
				GCC_WARN_64_TO_32_BIT_CONVERSION = YES;
				GCC_WARN_ABOUT_RETURN_TYPE = YES_ERROR;
				GCC_WARN_UNDECLARED_SELECTOR = YES;
				GCC_WARN_UNINITIALIZED_AUTOS = YES_AGGRESSIVE;
				GCC_WARN_UNUSED_FUNCTION = YES;
				GCC_WARN_UNUSED_VARIABLE = YES;
				IPHONEOS_DEPLOYMENT_TARGET = 13.0;
				MTL_ENABLE_DEBUG_INFO = NO;
				MTL_FAST_MATH = YES;
				SDKROOT = iphoneos;
				SWIFT_COMPILATION_MODE = wholemodule;
				SWIFT_OPTIMIZATION_LEVEL = "-O";
				VALIDATE_PRODUCT = YES;
			};
			name = Release;
		};
		DFBCAC4427D380F400A58DDF /* Debug */ = {
			isa = XCBuildConfiguration;
			baseConfigurationReference = 62142B4683D5629263BA366D /* Pods-Awaker.debug.xcconfig */;
			buildSettings = {
				ASSETCATALOG_COMPILER_APPICON_NAME = AppIcon;
				ASSETCATALOG_COMPILER_GLOBAL_ACCENT_COLOR_NAME = AccentColor;
				CODE_SIGN_STYLE = Automatic;
				CURRENT_PROJECT_VERSION = 1;
				DEVELOPMENT_TEAM = "";
				GENERATE_INFOPLIST_FILE = YES;
				INFOPLIST_FILE = Awaker/Info.plist;
				INFOPLIST_KEY_UIApplicationSupportsIndirectInputEvents = YES;
				INFOPLIST_KEY_UILaunchStoryboardName = LaunchScreen;
				INFOPLIST_KEY_UISupportedInterfaceOrientations_iPad = "UIInterfaceOrientationPortrait UIInterfaceOrientationPortraitUpsideDown UIInterfaceOrientationLandscapeLeft UIInterfaceOrientationLandscapeRight";
				INFOPLIST_KEY_UISupportedInterfaceOrientations_iPhone = "UIInterfaceOrientationPortrait UIInterfaceOrientationLandscapeLeft UIInterfaceOrientationLandscapeRight";
				IPHONEOS_DEPLOYMENT_TARGET = 13.0;
				LD_RUNPATH_SEARCH_PATHS = (
					"$(inherited)",
					"@executable_path/Frameworks",
				);
				MARKETING_VERSION = 1.0;
				OTHER_SWIFT_FLAGS = "-DDEBUG";
				PRODUCT_BUNDLE_IDENTIFIER = "ru.mobileship.Awaker-debug";
				PRODUCT_NAME = "$(TARGET_NAME)";
				SWIFT_ACTIVE_COMPILATION_CONDITIONS = "";
				SWIFT_EMIT_LOC_STRINGS = YES;
				SWIFT_VERSION = 5.0;
				TARGETED_DEVICE_FAMILY = 1;
			};
			name = Debug;
		};
		DFBCAC4527D380F400A58DDF /* Release */ = {
			isa = XCBuildConfiguration;
			baseConfigurationReference = 9B65834E6D02930D852C314C /* Pods-Awaker.release.xcconfig */;
			buildSettings = {
				ASSETCATALOG_COMPILER_APPICON_NAME = AppIcon;
				ASSETCATALOG_COMPILER_GLOBAL_ACCENT_COLOR_NAME = AccentColor;
				CODE_SIGN_STYLE = Automatic;
				CURRENT_PROJECT_VERSION = 1;
				DEVELOPMENT_TEAM = "";
				GENERATE_INFOPLIST_FILE = YES;
				INFOPLIST_FILE = Awaker/Info.plist;
				INFOPLIST_KEY_UIApplicationSupportsIndirectInputEvents = YES;
				INFOPLIST_KEY_UILaunchStoryboardName = LaunchScreen;
				INFOPLIST_KEY_UISupportedInterfaceOrientations_iPad = "UIInterfaceOrientationPortrait UIInterfaceOrientationPortraitUpsideDown UIInterfaceOrientationLandscapeLeft UIInterfaceOrientationLandscapeRight";
				INFOPLIST_KEY_UISupportedInterfaceOrientations_iPhone = "UIInterfaceOrientationPortrait UIInterfaceOrientationLandscapeLeft UIInterfaceOrientationLandscapeRight";
				IPHONEOS_DEPLOYMENT_TARGET = 13.0;
				LD_RUNPATH_SEARCH_PATHS = (
					"$(inherited)",
					"@executable_path/Frameworks",
				);
				MARKETING_VERSION = 1.0;
				OTHER_SWIFT_FLAGS = "-DRELEASE";
				PRODUCT_BUNDLE_IDENTIFIER = "ru.mobileship.Awaker-release";
				PRODUCT_NAME = "$(TARGET_NAME)";
				SWIFT_EMIT_LOC_STRINGS = YES;
				SWIFT_VERSION = 5.0;
				TARGETED_DEVICE_FAMILY = 1;
			};
			name = Release;
		};
/* End XCBuildConfiguration section */

/* Begin XCConfigurationList section */
		DFBCAC2A27D380F300A58DDF /* Build configuration list for PBXProject "Awaker" */ = {
			isa = XCConfigurationList;
			buildConfigurations = (
				DFBCAC4127D380F400A58DDF /* Debug */,
				DFBCAC4227D380F400A58DDF /* Release */,
			);
			defaultConfigurationIsVisible = 0;
			defaultConfigurationName = Release;
		};
		DFBCAC4327D380F400A58DDF /* Build configuration list for PBXNativeTarget "Awaker" */ = {
			isa = XCConfigurationList;
			buildConfigurations = (
				DFBCAC4427D380F400A58DDF /* Debug */,
				DFBCAC4527D380F400A58DDF /* Release */,
			);
			defaultConfigurationIsVisible = 0;
			defaultConfigurationName = Release;
		};
/* End XCConfigurationList section */

/* Begin XCRemoteSwiftPackageReference section */
		19CE89FC27D4C98C00D310C7 /* XCRemoteSwiftPackageReference "Kingfisher" */ = {
			isa = XCRemoteSwiftPackageReference;
			repositoryURL = "https://github.com/onevcat/Kingfisher";
			requirement = {
				branch = master;
				kind = branch;
			};
		};
/* End XCRemoteSwiftPackageReference section */

/* Begin XCSwiftPackageProductDependency section */
		19CE89FD27D4C98C00D310C7 /* Kingfisher */ = {
			isa = XCSwiftPackageProductDependency;
			package = 19CE89FC27D4C98C00D310C7 /* XCRemoteSwiftPackageReference "Kingfisher" */;
			productName = Kingfisher;
		};
/* End XCSwiftPackageProductDependency section */
	};
	rootObject = DFBCAC2727D380F300A58DDF /* Project object */;
}
